<?xml version="1.0" encoding="UTF-8"?>
<Scheme
   LastUpgradeVersion = "1400"
   version = "1.3">
   <BuildAction
      parallelizeBuildables = "YES"
      buildImplicitDependencies = "YES">
      <BuildActionEntries>
         <BuildActionEntry
            buildForTesting = "YES"
            buildForRunning = "YES"
            buildForProfiling = "YES"
            buildForArchiving = "YES"
            buildForAnalyzing = "YES">
            <BuildableReference
               BuildableIdentifier = "primary"
               BlueprintIdentifier = "D26B3B511F6FB6BC004571A8"
               BuildableName = "sedutil-cli"
               BlueprintName = "sedutil-cli"
               ReferencedContainer = "container:SEDUtilities.xcodeproj">
            </BuildableReference>
         </BuildActionEntry>
      </BuildActionEntries>
   </BuildAction>
   <TestAction
      buildConfiguration = "Debug Bonjour Multistart"
      selectedDebuggerIdentifier = "Xcode.DebuggerFoundation.Debugger.LLDB"
      selectedLauncherIdentifier = "Xcode.DebuggerFoundation.Launcher.LLDB"
      shouldUseLaunchSchemeArgsEnv = "YES">
      <Testables>
      </Testables>
   </TestAction>
   <LaunchAction
      buildConfiguration = "Debug Bonjour Multistart"
      selectedDebuggerIdentifier = "Xcode.DebuggerFoundation.Debugger.LLDB"
      selectedLauncherIdentifier = "Xcode.DebuggerFoundation.Launcher.LLDB"
      launchStyle = "0"
      useCustomWorkingDirectory = "NO"
      ignoresPersistentStateOnLaunch = "NO"
      debugDocumentVersioning = "YES"
      debugServiceExtension = "internal"
      allowLocationSimulation = "YES"
      viewDebuggingEnabled = "No">
      <BuildableProductRunnable
         runnableDebuggingMode = "0">
         <BuildableReference
            BuildableIdentifier = "primary"
            BlueprintIdentifier = "D26B3B511F6FB6BC004571A8"
            BuildableName = "sedutil-cli"
            BlueprintName = "sedutil-cli"
            ReferencedContainer = "container:SEDUtilities.xcodeproj">
         </BuildableReference>
      </BuildableProductRunnable>
      <CommandLineArguments>
         <CommandLineArgument
            argument = "--scan"
            isEnabled = "YES">
         </CommandLineArgument>
         <CommandLineArgument
            argument = "--query"
            isEnabled = "NO">
         </CommandLineArgument>
         <CommandLineArgument
            argument = "disk4"
            isEnabled = "NO">
         </CommandLineArgument>
         <CommandLineArgument
            argument = "disk5"
            isEnabled = "NO">
         </CommandLineArgument>
         <CommandLineArgument
            argument = "disk6"
            isEnabled = "NO">
         </CommandLineArgument>
      </CommandLineArguments>
   </LaunchAction>
   <ProfileAction
      buildConfiguration = "Release Bonjour Multistart"
      shouldUseLaunchSchemeArgsEnv = "YES"
      savedToolIdentifier = ""
      useCustomWorkingDirectory = "NO"
      debugDocumentVersioning = "YES">
      <BuildableProductRunnable
         runnableDebuggingMode = "0">
         <BuildableReference
            BuildableIdentifier = "primary"
            BlueprintIdentifier = "D26B3B511F6FB6BC004571A8"
            BuildableName = "sedutil-cli"
            BlueprintName = "sedutil-cli"
            ReferencedContainer = "container:SEDUtilities.xcodeproj">
         </BuildableReference>
      </BuildableProductRunnable>
   </ProfileAction>
   <AnalyzeAction
      buildConfiguration = "Debug Bonjour Multistart">
   </AnalyzeAction>
   <ArchiveAction
      buildConfiguration = "Release Bonjour Multistart"
      revealArchiveInOrganizer = "YES">
   </ArchiveAction>
</Scheme>
