<?xml version="1.0" encoding="utf-8"?>
<Project ToolsVersion="4.0" xmlns="http://schemas.microsoft.com/developer/msbuild/2003">
  <ItemGroup>
    <Filter Include="Source Files">
      <UniqueIdentifier>{4FC737F1-C7A5-4376-A066-2A32D752A2FF}</UniqueIdentifier>
      <Extensions>cpp;c;cc;cxx;def;odl;idl;hpj;bat;asm;asmx</Extensions>
    </Filter>
    <Filter Include="Header Files">
      <UniqueIdentifier>{93995380-89BD-4b04-88EB-625FBE52EBFB}</UniqueIdentifier>
      <Extensions>h;hh;hpp;hxx;hm;inl;inc;xsd</Extensions>
    </Filter>
    <Filter Include="Resource Files">
      <UniqueIdentifier>{67DA6AB6-F800-4c08-8B7A-83BB121AAD01}</UniqueIdentifier>
      <Extensions>rc;ico;cur;bmp;dlg;rc2;rct;bin;rgs;gif;jpg;jpeg;jpe;resx;tiff;tif;png;wav;mfcribbon-ms</Extensions>
    </Filter>
    <Filter Include="Source Files\pbkdf2">
      <UniqueIdentifier>{89811d18-54fb-4118-b53a-93e9250beb0f}</UniqueIdentifier>
    </Filter>
    <Filter Include="Header Files\pbkdf2">
      <UniqueIdentifier>{25ecd795-bbcf-41c5-9773-4f8e6e8c6958}</UniqueIdentifier>
    </Filter>
  </ItemGroup>
  <ItemGroup>
    <ClInclude Include="..\os.h">
      <Filter>Header Files</Filter>
    </ClInclude>
    <ClInclude Include="..\..\common\log.h">
      <Filter>Header Files</Filter>
    </ClInclude>
    <ClInclude Include="..\..\Common\DtaAnnotatedDump.h">
      <Filter>Header Files</Filter>
    </ClInclude>
    <ClInclude Include="..\..\Common\DtaCommand.h">
      <Filter>Header Files</Filter>
    </ClInclude>
    <ClInclude Include="..\..\Common\DtaConstants.h">
      <Filter>Header Files</Filter>
    </ClInclude>
    <ClInclude Include="..\..\Common\DtaDev.h">
      <Filter>Header Files</Filter>
    </ClInclude>
    <ClInclude Include="..\..\Common\DtaDevEnterprise.h">
      <Filter>Header Files</Filter>
    </ClInclude>
    <ClInclude Include="..\..\Common\DtaDevGeneric.h">
      <Filter>Header Files</Filter>
    </ClInclude>
    <ClInclude Include="..\..\Common\DtaDevOpal.h">
      <Filter>Header Files</Filter>
    </ClInclude>
    <ClInclude Include="..\..\Common\DtaDevOpal1.h">
      <Filter>Header Files</Filter>
    </ClInclude>
    <ClInclude Include="..\..\Common\DtaDevOpal2.h">
      <Filter>Header Files</Filter>
    </ClInclude>
    <ClInclude Include="..\..\Common\DtaDevOpalite.h">
      <Filter>Header Files</Filter>
    </ClInclude>
    <ClInclude Include="..\..\Common\DtaDevPyrite1.h">
      <Filter>Header Files</Filter>
    </ClInclude>
    <ClInclude Include="..\..\Common\DtaDevPyrite2.h">
      <Filter>Header Files</Filter>
    </ClInclude>
    <ClInclude Include="..\..\Common\DtaEndianFixup.h">
      <Filter>Header Files</Filter>
    </ClInclude>
    <ClInclude Include="..\..\Common\DtaHashPwd.h">
      <Filter>Header Files</Filter>
    </ClInclude>
    <ClInclude Include="..\..\Common\DtaHexDump.h">
      <Filter>Header Files</Filter>
    </ClInclude>
    <ClInclude Include="..\..\Common\DtaLexicon.h">
      <Filter>Header Files</Filter>
    </ClInclude>
    <ClInclude Include="..\..\Common\DtaResponse.h">
      <Filter>Header Files</Filter>
    </ClInclude>
    <ClInclude Include="..\..\Common\DtaSession.h">
      <Filter>Header Files</Filter>
    </ClInclude>
    <ClInclude Include="..\..\Common\DtaStructures.h">
      <Filter>Header Files</Filter>
    </ClInclude>
    <ClInclude Include="..\DtaDevOS.h">
      <Filter>Header Files</Filter>
    </ClInclude>
    <ClInclude Include="..\DtaDiskATA.h">
      <Filter>Header Files</Filter>
    </ClInclude>
    <ClInclude Include="..\DtaDiskUSB.h">
      <Filter>Header Files</Filter>
    </ClInclude>
    <ClInclude Include="..\..\Common\DtaDiskType.h">
      <Filter>Header Files</Filter>
    </ClInclude>
    <ClInclude Include="..\..\Common\pbkdf2\bitops.h">
      <Filter>Header Files\pbkdf2</Filter>
    </ClInclude>
    <ClInclude Include="..\..\Common\pbkdf2\blockwise.h">
      <Filter>Header Files\pbkdf2</Filter>
    </ClInclude>
    <ClInclude Include="..\..\Common\pbkdf2\chash.h">
      <Filter>Header Files\pbkdf2</Filter>
    </ClInclude>
    <ClInclude Include="..\..\Common\pbkdf2\handy.h">
      <Filter>Header Files\pbkdf2</Filter>
    </ClInclude>
    <ClInclude Include="..\..\Common\pbkdf2\hmac.h">
      <Filter>Header Files\pbkdf2</Filter>
    </ClInclude>
    <ClInclude Include="..\..\Common\pbkdf2\pbkdf2.h">
      <Filter>Header Files\pbkdf2</Filter>
    </ClInclude>
    <ClInclude Include="..\..\Common\pbkdf2\sha1.h">
      <Filter>Header Files\pbkdf2</Filter>
    </ClInclude>
    <ClInclude Include="..\..\Common\pbkdf2\tassert.h">
      <Filter>Header Files\pbkdf2</Filter>
    </ClInclude>
    <ClInclude Include="..\DtaDiskNVMe.h">
      <Filter>Header Files</Filter>
    </ClInclude>
  </ItemGroup>
  <ItemGroup>
    <ClCompile Include="..\..\Common\sedutil.cpp">
      <Filter>Source Files</Filter>
    </ClCompile>
    <ClCompile Include="..\..\Common\DtaSession.cpp">
      <Filter>Source Files</Filter>
    </ClCompile>
    <ClCompile Include="..\..\Common\DtaResponse.cpp">
      <Filter>Source Files</Filter>
    </ClCompile>
    <ClCompile Include="..\..\Common\DtaOptions.cpp">
      <Filter>Source Files</Filter>
    </ClCompile>
    <ClCompile Include="..\..\Common\DtaHexDump.cpp">
      <Filter>Source Files</Filter>
    </ClCompile>
    <ClCompile Include="..\..\Common\DtaHashPwd.cpp">
      <Filter>Source Files</Filter>
    </ClCompile>
    <ClCompile Include="..\..\Common\DtaDevPyrite2.cpp">
      <Filter>Source Files</Filter>
    </ClCompile>
    <ClCompile Include="..\..\Common\DtaDevPyrite1.cpp">
      <Filter>Source Files</Filter>
    </ClCompile>
    <ClCompile Include="..\..\Common\DtaDevOpalite.cpp">
      <Filter>Source Files</Filter>
    </ClCompile>
    <ClCompile Include="..\..\Common\DtaDevOpal2.cpp">
      <Filter>Source Files</Filter>
    </ClCompile>
    <ClCompile Include="..\..\Common\DtaDevOpal1.cpp">
      <Filter>Source Files</Filter>
    </ClCompile>
    <ClCompile Include="..\..\Common\DtaDevOpal.cpp">
      <Filter>Source Files</Filter>
    </ClCompile>
    <ClCompile Include="..\..\Common\DtaDevGeneric.cpp">
      <Filter>Source Files</Filter>
    </ClCompile>
    <ClCompile Include="..\..\Common\DtaDevEnterprise.cpp">
      <Filter>Source Files</Filter>
    </ClCompile>
    <ClCompile Include="..\..\Common\DtaDev.cpp">
      <Filter>Source Files</Filter>
    </ClCompile>
    <ClCompile Include="..\..\Common\DtaCommand.cpp">
      <Filter>Source Files</Filter>
    </ClCompile>
    <ClCompile Include="..\..\Common\DtaAnnotatedDump.cpp">
      <Filter>Source Files</Filter>
    </ClCompile>
    <ClCompile Include="..\DtaDevOS.cpp">
      <Filter>Source Files</Filter>
    </ClCompile>
    <ClCompile Include="..\DtaDiskATA.cpp">
      <Filter>Source Files</Filter>
    </ClCompile>
    <ClCompile Include="..\DtaDiskUSB.cpp">
      <Filter>Source Files</Filter>
    </ClCompile>
    <ClCompile Include="..\..\Common\DtaDiskType.cpp">
      <Filter>Source Files</Filter>
    </ClCompile>
    <ClCompile Include="..\..\Common\pbkdf2\blockwise.c">
      <Filter>Source Files\pbkdf2</Filter>
    </ClCompile>
    <ClCompile Include="..\..\Common\pbkdf2\chash.c">
      <Filter>Source Files\pbkdf2</Filter>
    </ClCompile>
    <ClCompile Include="..\..\Common\pbkdf2\hmac.c">
      <Filter>Source Files\pbkdf2</Filter>
    </ClCompile>
    <ClCompile Include="..\..\Common\pbkdf2\pbkdf2.c">
      <Filter>Source Files\pbkdf2</Filter>
    </ClCompile>
    <ClCompile Include="..\..\Common\pbkdf2\sha1.c">
      <Filter>Source Files\pbkdf2</Filter>
    </ClCompile>
    <ClCompile Include="..\DtaDiskNVMe.cpp">
      <Filter>Source Files</Filter>
    </ClCompile>
  </ItemGroup>
</Project>