// !$*UTF8*$!
{
	archiveVersion = 1;
	classes = {
	};
	objectVersion = 46;
	objects = {

/* Begin PBXBuildFile section */
		D201C18728D855E200FCD053 /* TPerDriverMethodIndex.h in Headers */ = {isa = PBXBuildFile; fileRef = D201C18628D855E200FCD053 /* TPerDriverMethodIndex.h */; };
		D26EB97C1F036671002200A2 /* RegistryUtilities.h in Headers */ = {isa = PBXBuildFile; fileRef = D26EB97A1F036671002200A2 /* RegistryUtilities.h */; settings = {ATTRIBUTES = (Public, ); }; };
		D26EB97D1F036671002200A2 /* RegistryUtilities.mm in Sources */ = {isa = PBXBuildFile; fileRef = D26EB97B1F036671002200A2 /* RegistryUtilities.mm */; };
		D27129ED28C53FB5007AB870 /* kernel_PrintBuffer.h in Headers */ = {isa = PBXBuildFile; fileRef = D27129EC28C53FB5007AB870 /* kernel_PrintBuffer.h */; };
		D2747D8D28D0509700FFF949 /* ParseATIdentify.h in Headers */ = {isa = PBXBuildFile; fileRef = D2A1BB5B28CA64DE00B492CE /* ParseATIdentify.h */; };
		D2747D8E28D0509700FFF949 /* ParseATIdentify.cpp in Sources */ = {isa = PBXBuildFile; fileRef = D2A1BB5928CA636D00B492CE /* ParseATIdentify.cpp */; };
		D280599F28C9126200EB9C59 /* db.h in Headers */ = {isa = PBXBuildFile; fileRef = D280599E28C9126200EB9C59 /* db.h */; };
		D28059A128C912E600EB9C59 /* limits.h in Headers */ = {isa = PBXBuildFile; fileRef = D28059A028C912E600EB9C59 /* limits.h */; };
		D285010E28D6779400230968 /* DtaStructures.h in Headers */ = {isa = PBXBuildFile; fileRef = D285010D28D6779400230968 /* DtaStructures.h */; };
		D285011028D677C600230968 /* DtaEndianFixup.h in Headers */ = {isa = PBXBuildFile; fileRef = D285010F28D677C600230968 /* DtaEndianFixup.h */; };
		D28C720328C6906F00EA1838 /* InterfaceCommandCodes.h in Headers */ = {isa = PBXBuildFile; fileRef = D28C720228C6906F00EA1838 /* InterfaceCommandCodes.h */; settings = {ATTRIBUTES = (Public, ); }; };
		D28C720528C6968A00EA1838 /* IOKit.framework in Frameworks */ = {isa = PBXBuildFile; fileRef = D28C720428C6968A00EA1838 /* IOKit.framework */; };
		D2910E251F038CFD00005E87 /* libPrintBuffer.a in Frameworks */ = {isa = PBXBuildFile; fileRef = D2BD8F8E1F0205F900747F4A /* libPrintBuffer.a */; };
		D29EAE6128C8E24C00A307DF /* InterfaceDeviceID.h in Headers */ = {isa = PBXBuildFile; fileRef = D29EAE6028C8E24C00A307DF /* InterfaceDeviceID.h */; };
		D29EAE6328C8E2A100A307DF /* InterfaceDeviceID.cpp in Sources */ = {isa = PBXBuildFile; fileRef = D29EAE6228C8E2A100A307DF /* InterfaceDeviceID.cpp */; };
		D2A1BB5A28CA636D00B492CE /* ParseATIdentify.cpp in Sources */ = {isa = PBXBuildFile; fileRef = D2A1BB5928CA636D00B492CE /* ParseATIdentify.cpp */; };
		D2A1BB5C28CA64DE00B492CE /* ParseATIdentify.h in Headers */ = {isa = PBXBuildFile; fileRef = D2A1BB5B28CA64DE00B492CE /* ParseATIdentify.h */; settings = {ATTRIBUTES = (Public, ); }; };
		D2BD8F731F02021F00747F4A /* TPerKernelInterface.c in Sources */ = {isa = PBXBuildFile; fileRef = D2BD8F6E1F02021F00747F4A /* TPerKernelInterface.c */; };
		D2BD8F7A1F02029800747F4A /* TPerKernelInterface.h in Headers */ = {isa = PBXBuildFile; fileRef = D2BD8F6F1F02021F00747F4A /* TPerKernelInterface.h */; settings = {ATTRIBUTES = (Public, ); }; };
		D2BD8F7B1F02029800747F4A /* UserKernelShared.h in Headers */ = {isa = PBXBuildFile; fileRef = D2BD8F701F02021F00747F4A /* UserKernelShared.h */; settings = {ATTRIBUTES = (Public, ); }; };
		D2BD8F7C1F02029800747F4A /* SEDKernelInterface.h in Headers */ = {isa = PBXBuildFile; fileRef = D2BD8F761F02023100747F4A /* SEDKernelInterface.h */; settings = {ATTRIBUTES = (Public, ); }; };
		D2BD8F9A1F02072D00747F4A /* PrintBuffer.c in Sources */ = {isa = PBXBuildFile; fileRef = D2BD8F6C1F02021F00747F4A /* PrintBuffer.c */; };
		D2BD8F9B1F02073B00747F4A /* PrintBuffer.h in Headers */ = {isa = PBXBuildFile; fileRef = D2BD8F6D1F02021F00747F4A /* PrintBuffer.h */; settings = {ATTRIBUTES = (Public, ); }; };
		D2BD8FB21F02082E00747F4A /* TPerDriver.cpp in Sources */ = {isa = PBXBuildFile; fileRef = D2BD8FA91F02082E00747F4A /* TPerDriver.cpp */; };
		D2BD8FB41F02082E00747F4A /* UserClient.cpp in Sources */ = {isa = PBXBuildFile; fileRef = D2BD8FAB1F02082E00747F4A /* UserClient.cpp */; settings = {COMPILER_FLAGS = "-DTARGET_OS_OSX=1"; }; };
		D2BD8FB81F02082E00747F4A /* ATAProtocolDirections.cpp in Sources */ = {isa = PBXBuildFile; fileRef = D2BD8FAF1F02082E00747F4A /* ATAProtocolDirections.cpp */; };
		D2BD8FB91F02082E00747F4A /* CDBAccess.cpp in Sources */ = {isa = PBXBuildFile; fileRef = D2BD8FB01F02082E00747F4A /* CDBAccess.cpp */; };
		D2C0E43127406BD700F560FE /* PrintBuffer.c in Sources */ = {isa = PBXBuildFile; fileRef = D2BD8F6C1F02021F00747F4A /* PrintBuffer.c */; };
		D2E0B5C61F2D45C900CD66FB /* TPerDriverDispatchTable.inc in Headers */ = {isa = PBXBuildFile; fileRef = D2E0B5BF1F2D3C7B00CD66FB /* TPerDriverDispatchTable.inc */; settings = {ATTRIBUTES = (Public, ); }; };
/* End PBXBuildFile section */

/* Begin PBXContainerItemProxy section */
		D2953FCF28D0DFCF0050A950 /* PBXContainerItemProxy */ = {
			isa = PBXContainerItemProxy;
			containerPortal = D2BD8F551F02016B00747F4A /* Project object */;
			proxyType = 1;
			remoteGlobalIDString = D2BD8F5F1F02017B00747F4A;
			remoteInfo = SEDKernelInterface;
		};
		D2953FD128D0DFD70050A950 /* PBXContainerItemProxy */ = {
			isa = PBXContainerItemProxy;
			containerPortal = D2BD8F551F02016B00747F4A /* Project object */;
			proxyType = 1;
			remoteGlobalIDString = D2BD8F8D1F0205F900747F4A;
			remoteInfo = PrintBuffer;
		};
/* End PBXContainerItemProxy section */

/* Begin PBXFileReference section */
		D201C18628D855E200FCD053 /* TPerDriverMethodIndex.h */ = {isa = PBXFileReference; fileEncoding = 4; lastKnownFileType = sourcecode.c.h; path = TPerDriverMethodIndex.h; sourceTree = "<group>"; };
		D20A9E8D28C5BD4900F7985D /* Kernel.framework */ = {isa = PBXFileReference; lastKnownFileType = wrapper.framework; name = Kernel.framework; path = System/Library/Frameworks/Kernel.framework; sourceTree = SDKROOT; };
		D20CC9671F69C4A900CE3D72 /* kernel_debug.h */ = {isa = PBXFileReference; fileEncoding = 4; lastKnownFileType = sourcecode.c.h; path = kernel_debug.h; sourceTree = "<group>"; };
		D24A52A729578B13005E7996 /* debug.txt */ = {isa = PBXFileReference; lastKnownFileType = text; name = debug.txt; path = Server/sedd/debug.txt; sourceTree = "<group>"; };
		D26EB97A1F036671002200A2 /* RegistryUtilities.h */ = {isa = PBXFileReference; fileEncoding = 4; lastKnownFileType = sourcecode.c.h; path = RegistryUtilities.h; sourceTree = "<group>"; };
		D26EB97B1F036671002200A2 /* RegistryUtilities.mm */ = {isa = PBXFileReference; fileEncoding = 4; lastKnownFileType = sourcecode.cpp.objcpp; path = RegistryUtilities.mm; sourceTree = "<group>"; };
		D27129EC28C53FB5007AB870 /* kernel_PrintBuffer.h */ = {isa = PBXFileReference; fileEncoding = 4; lastKnownFileType = sourcecode.c.h; path = kernel_PrintBuffer.h; sourceTree = "<group>"; };
		D2772B0B28BC04830005E001 /* libPrintBuffer.a */ = {isa = PBXFileReference; lastKnownFileType = archive.ar; path = libPrintBuffer.a; sourceTree = BUILT_PRODUCTS_DIR; };
		D2772B0C28BC04900005E001 /* SEDKernelInterface.framework */ = {isa = PBXFileReference; lastKnownFileType = wrapper.framework; path = SEDKernelInterface.framework; sourceTree = BUILT_PRODUCTS_DIR; };
		D280599E28C9126200EB9C59 /* db.h */ = {isa = PBXFileReference; lastKnownFileType = sourcecode.c.h; name = db.h; path = Platforms/MacOSX.platform/Developer/SDKs/MacOSX.sdk/usr/include/db.h; sourceTree = DEVELOPER_DIR; };
		D28059A028C912E600EB9C59 /* limits.h */ = {isa = PBXFileReference; lastKnownFileType = sourcecode.c.h; name = limits.h; path = Platforms/MacOSX.platform/Developer/SDKs/MacOSX.sdk/usr/include/limits.h; sourceTree = DEVELOPER_DIR; };
		D285010D28D6779400230968 /* DtaStructures.h */ = {isa = PBXFileReference; lastKnownFileType = sourcecode.c.h; name = DtaStructures.h; path = ../Common/DtaStructures.h; sourceTree = "<group>"; };
		D285010F28D677C600230968 /* DtaEndianFixup.h */ = {isa = PBXFileReference; lastKnownFileType = sourcecode.c.h; name = DtaEndianFixup.h; path = ../Common/DtaEndianFixup.h; sourceTree = "<group>"; };
		D28C720228C6906F00EA1838 /* InterfaceCommandCodes.h */ = {isa = PBXFileReference; lastKnownFileType = sourcecode.c.h; path = InterfaceCommandCodes.h; sourceTree = "<group>"; };
		D28C720428C6968A00EA1838 /* IOKit.framework */ = {isa = PBXFileReference; lastKnownFileType = wrapper.framework; name = IOKit.framework; path = System/Library/Frameworks/IOKit.framework; sourceTree = SDKROOT; };
		D295B8DD1F0D464600DFDD5B /* singleton.h */ = {isa = PBXFileReference; lastKnownFileType = sourcecode.c.h; path = singleton.h; sourceTree = "<group>"; };
		D29EAE6028C8E24C00A307DF /* InterfaceDeviceID.h */ = {isa = PBXFileReference; fileEncoding = 4; lastKnownFileType = sourcecode.c.h; path = InterfaceDeviceID.h; sourceTree = "<group>"; };
		D29EAE6228C8E2A100A307DF /* InterfaceDeviceID.cpp */ = {isa = PBXFileReference; fileEncoding = 4; lastKnownFileType = sourcecode.cpp.cpp; path = InterfaceDeviceID.cpp; sourceTree = "<group>"; };
		D2A1BB5928CA636D00B492CE /* ParseATIdentify.cpp */ = {isa = PBXFileReference; fileEncoding = 4; lastKnownFileType = sourcecode.cpp.cpp; path = ParseATIdentify.cpp; sourceTree = "<group>"; };
		D2A1BB5B28CA64DE00B492CE /* ParseATIdentify.h */ = {isa = PBXFileReference; fileEncoding = 4; lastKnownFileType = sourcecode.c.h; path = ParseATIdentify.h; sourceTree = "<group>"; };
		D2BD8F601F02017B00747F4A /* SEDKernelInterface.framework */ = {isa = PBXFileReference; explicitFileType = wrapper.framework; includeInIndex = 0; path = SEDKernelInterface.framework; sourceTree = BUILT_PRODUCTS_DIR; };
		D2BD8F641F02017B00747F4A /* Info.plist */ = {isa = PBXFileReference; lastKnownFileType = text.plist.xml; path = Info.plist; sourceTree = "<group>"; };
		D2BD8F6C1F02021F00747F4A /* PrintBuffer.c */ = {isa = PBXFileReference; fileEncoding = 4; lastKnownFileType = sourcecode.c.c; path = PrintBuffer.c; sourceTree = "<group>"; };
		D2BD8F6D1F02021F00747F4A /* PrintBuffer.h */ = {isa = PBXFileReference; fileEncoding = 4; lastKnownFileType = sourcecode.c.h; path = PrintBuffer.h; sourceTree = "<group>"; };
		D2BD8F6E1F02021F00747F4A /* TPerKernelInterface.c */ = {isa = PBXFileReference; fileEncoding = 4; lastKnownFileType = sourcecode.c.c; path = TPerKernelInterface.c; sourceTree = "<group>"; };
		D2BD8F6F1F02021F00747F4A /* TPerKernelInterface.h */ = {isa = PBXFileReference; fileEncoding = 4; lastKnownFileType = sourcecode.c.h; path = TPerKernelInterface.h; sourceTree = "<group>"; };
		D2BD8F701F02021F00747F4A /* UserKernelShared.h */ = {isa = PBXFileReference; fileEncoding = 4; lastKnownFileType = sourcecode.c.h; path = UserKernelShared.h; sourceTree = "<group>"; };
		D2BD8F761F02023100747F4A /* SEDKernelInterface.h */ = {isa = PBXFileReference; fileEncoding = 4; lastKnownFileType = sourcecode.c.h; path = SEDKernelInterface.h; sourceTree = "<group>"; };
		D2BD8F8E1F0205F900747F4A /* libPrintBuffer.a */ = {isa = PBXFileReference; explicitFileType = archive.ar; includeInIndex = 0; path = libPrintBuffer.a; sourceTree = BUILT_PRODUCTS_DIR; };
		D2BD8F971F02066C00747F4A /* debug.h */ = {isa = PBXFileReference; fileEncoding = 4; lastKnownFileType = sourcecode.c.h; path = debug.h; sourceTree = "<group>"; };
		D2BD8FA11F0207AF00747F4A /* BrightPlazaTPer.kext */ = {isa = PBXFileReference; explicitFileType = wrapper.cfbundle; includeInIndex = 0; path = BrightPlazaTPer.kext; sourceTree = BUILT_PRODUCTS_DIR; };
		D2BD8FA51F0207AF00747F4A /* Info.plist */ = {isa = PBXFileReference; lastKnownFileType = text.plist.xml; path = Info.plist; sourceTree = "<group>"; };
		D2BD8FA91F02082E00747F4A /* TPerDriver.cpp */ = {isa = PBXFileReference; fileEncoding = 4; lastKnownFileType = sourcecode.cpp.cpp; path = TPerDriver.cpp; sourceTree = "<group>"; };
		D2BD8FAA1F02082E00747F4A /* TPerDriver.h */ = {isa = PBXFileReference; fileEncoding = 4; lastKnownFileType = sourcecode.c.h; path = TPerDriver.h; sourceTree = "<group>"; };
		D2BD8FAB1F02082E00747F4A /* UserClient.cpp */ = {isa = PBXFileReference; fileEncoding = 4; lastKnownFileType = sourcecode.cpp.cpp; path = UserClient.cpp; sourceTree = "<group>"; };
		D2BD8FAC1F02082E00747F4A /* UserClient.h */ = {isa = PBXFileReference; fileEncoding = 4; lastKnownFileType = sourcecode.c.h; path = UserClient.h; sourceTree = "<group>"; };
		D2BD8FAD1F02082E00747F4A /* ATAProtocolTypes.h */ = {isa = PBXFileReference; fileEncoding = 4; lastKnownFileType = sourcecode.c.h; path = ATAProtocolTypes.h; sourceTree = "<group>"; };
		D2BD8FAE1F02082E00747F4A /* ATAProtocolDirections.h */ = {isa = PBXFileReference; fileEncoding = 4; lastKnownFileType = sourcecode.c.h; path = ATAProtocolDirections.h; sourceTree = "<group>"; };
		D2BD8FAF1F02082E00747F4A /* ATAProtocolDirections.cpp */ = {isa = PBXFileReference; fileEncoding = 4; lastKnownFileType = sourcecode.cpp.cpp; path = ATAProtocolDirections.cpp; sourceTree = "<group>"; };
		D2BD8FB01F02082E00747F4A /* CDBAccess.cpp */ = {isa = PBXFileReference; fileEncoding = 4; lastKnownFileType = sourcecode.cpp.cpp; path = CDBAccess.cpp; sourceTree = "<group>"; };
		D2BD8FB11F02082E00747F4A /* CDBAccess.hpp */ = {isa = PBXFileReference; fileEncoding = 4; lastKnownFileType = sourcecode.cpp.h; path = CDBAccess.hpp; sourceTree = "<group>"; };
		D2D0F566293A847D0077966A /* oui.framework */ = {isa = PBXFileReference; explicitFileType = wrapper.framework; path = oui.framework; sourceTree = BUILT_PRODUCTS_DIR; };
		D2D0F569293A85B80077966A /* Foundation.framework */ = {isa = PBXFileReference; lastKnownFileType = wrapper.framework; name = Foundation.framework; path = System/Library/Frameworks/Foundation.framework; sourceTree = SDKROOT; };
		D2E0B5BF1F2D3C7B00CD66FB /* TPerDriverDispatchTable.inc */ = {isa = PBXFileReference; lastKnownFileType = sourcecode.pascal; path = TPerDriverDispatchTable.inc; sourceTree = "<group>"; };
		D2F0363D27A1E15B005F02A4 /* DebugInfo.plist */ = {isa = PBXFileReference; lastKnownFileType = text.plist.xml; path = DebugInfo.plist; sourceTree = "<group>"; };
/* End PBXFileReference section */

/* Begin PBXFrameworksBuildPhase section */
		D2BD8F5C1F02017B00747F4A /* Frameworks */ = {
			isa = PBXFrameworksBuildPhase;
			buildActionMask = 2147483647;
			files = (
				D28C720528C6968A00EA1838 /* IOKit.framework in Frameworks */,
				D2910E251F038CFD00005E87 /* libPrintBuffer.a in Frameworks */,
			);
			runOnlyForDeploymentPostprocessing = 0;
		};
		D2BD8F8B1F0205F900747F4A /* Frameworks */ = {
			isa = PBXFrameworksBuildPhase;
			buildActionMask = 2147483647;
			files = (
			);
			runOnlyForDeploymentPostprocessing = 0;
		};
		D2BD8F9D1F0207AF00747F4A /* Frameworks */ = {
			isa = PBXFrameworksBuildPhase;
			buildActionMask = 2147483647;
			files = (
			);
			runOnlyForDeploymentPostprocessing = 0;
		};
/* End PBXFrameworksBuildPhase section */

/* Begin PBXGroup section */
		D20A9E8A28C5BB7500F7985D /* Frameworks */ = {
			isa = PBXGroup;
			children = (
				D2D0F569293A85B80077966A /* Foundation.framework */,
				D2D0F566293A847D0077966A /* oui.framework */,
				D28C720428C6968A00EA1838 /* IOKit.framework */,
				D20A9E8D28C5BD4900F7985D /* Kernel.framework */,
			);
			name = Frameworks;
			sourceTree = "<group>";
		};
		D2BD8F541F02016B00747F4A = {
			isa = PBXGroup;
			children = (
				D24A52A729578B13005E7996 /* debug.txt */,
				D285010F28D677C600230968 /* DtaEndianFixup.h */,
				D285010D28D6779400230968 /* DtaStructures.h */,
				D28059A028C912E600EB9C59 /* limits.h */,
				D280599E28C9126200EB9C59 /* db.h */,
				D2BD8FA21F0207AF00747F4A /* BrightPlazaTPer */,
				D2BD8F621F02017B00747F4A /* SEDKernelInterface */,
				D2BD8F8F1F0205F900747F4A /* PrintBuffer */,
				D2BD8F991F0206A200747F4A /* include */,
				D2772B0B28BC04830005E001 /* libPrintBuffer.a */,
				D2772B0C28BC04900005E001 /* SEDKernelInterface.framework */,
				D2BD8F611F02017B00747F4A /* Products */,
				D20A9E8A28C5BB7500F7985D /* Frameworks */,
			);
			sourceTree = "<group>";
		};
		D2BD8F611F02017B00747F4A /* Products */ = {
			isa = PBXGroup;
			children = (
				D2BD8F8E1F0205F900747F4A /* libPrintBuffer.a */,
				D2BD8FA11F0207AF00747F4A /* BrightPlazaTPer.kext */,
				D2BD8F601F02017B00747F4A /* SEDKernelInterface.framework */,
			);
			name = Products;
			path = "../Debug Bonjour Multistart";
			sourceTree = BUILT_PRODUCTS_DIR;
		};
		D2BD8F621F02017B00747F4A /* SEDKernelInterface */ = {
			isa = PBXGroup;
			children = (
				D2BD8F761F02023100747F4A /* SEDKernelInterface.h */,
				D28C720228C6906F00EA1838 /* InterfaceCommandCodes.h */,
				D2A1BB5B28CA64DE00B492CE /* ParseATIdentify.h */,
				D2A1BB5928CA636D00B492CE /* ParseATIdentify.cpp */,
				D26EB97A1F036671002200A2 /* RegistryUtilities.h */,
				D26EB97B1F036671002200A2 /* RegistryUtilities.mm */,
				D2BD8F6F1F02021F00747F4A /* TPerKernelInterface.h */,
				D2BD8F6E1F02021F00747F4A /* TPerKernelInterface.c */,
				D2BD8F701F02021F00747F4A /* UserKernelShared.h */,
				D201C18628D855E200FCD053 /* TPerDriverMethodIndex.h */,
				D2E0B5BF1F2D3C7B00CD66FB /* TPerDriverDispatchTable.inc */,
				D2BD8F641F02017B00747F4A /* Info.plist */,
			);
			path = SEDKernelInterface;
			sourceTree = "<group>";
		};
		D2BD8F8F1F0205F900747F4A /* PrintBuffer */ = {
			isa = PBXGroup;
			children = (
				D2BD8F6C1F02021F00747F4A /* PrintBuffer.c */,
			);
			path = PrintBuffer;
			sourceTree = "<group>";
		};
		D2BD8F991F0206A200747F4A /* include */ = {
			isa = PBXGroup;
			children = (
				D2BD8F971F02066C00747F4A /* debug.h */,
				D20CC9671F69C4A900CE3D72 /* kernel_debug.h */,
				D27129EC28C53FB5007AB870 /* kernel_PrintBuffer.h */,
				D2BD8F6D1F02021F00747F4A /* PrintBuffer.h */,
				D295B8DD1F0D464600DFDD5B /* singleton.h */,
			);
			path = include;
			sourceTree = SOURCE_ROOT;
		};
		D2BD8FA21F0207AF00747F4A /* BrightPlazaTPer */ = {
			isa = PBXGroup;
			children = (
				D2BD8FAA1F02082E00747F4A /* TPerDriver.h */,
				D2BD8FA91F02082E00747F4A /* TPerDriver.cpp */,
				D29EAE6028C8E24C00A307DF /* InterfaceDeviceID.h */,
				D29EAE6228C8E2A100A307DF /* InterfaceDeviceID.cpp */,
				D2BD8FAC1F02082E00747F4A /* UserClient.h */,
				D2BD8FAB1F02082E00747F4A /* UserClient.cpp */,
				D2BD8FAD1F02082E00747F4A /* ATAProtocolTypes.h */,
				D2BD8FAE1F02082E00747F4A /* ATAProtocolDirections.h */,
				D2BD8FAF1F02082E00747F4A /* ATAProtocolDirections.cpp */,
				D2BD8FB11F02082E00747F4A /* CDBAccess.hpp */,
				D2BD8FB01F02082E00747F4A /* CDBAccess.cpp */,
				D2BD8FA51F0207AF00747F4A /* Info.plist */,
				D2F0363D27A1E15B005F02A4 /* DebugInfo.plist */,
			);
			name = BrightPlazaTPer;
			path = ../../../FH/sedutil/macos/BrightPlazaTPer;
			sourceTree = "<group>";
		};
/* End PBXGroup section */

/* Begin PBXHeadersBuildPhase section */
		D2BD8F5D1F02017B00747F4A /* Headers */ = {
			isa = PBXHeadersBuildPhase;
			buildActionMask = 2147483647;
			files = (
				D2BD8F7C1F02029800747F4A /* SEDKernelInterface.h in Headers */,
				D28C720328C6906F00EA1838 /* InterfaceCommandCodes.h in Headers */,
				D2A1BB5C28CA64DE00B492CE /* ParseATIdentify.h in Headers */,
				D201C18728D855E200FCD053 /* TPerDriverMethodIndex.h in Headers */,
				D26EB97C1F036671002200A2 /* RegistryUtilities.h in Headers */,
				D2E0B5C61F2D45C900CD66FB /* TPerDriverDispatchTable.inc in Headers */,
				D2BD8F7A1F02029800747F4A /* TPerKernelInterface.h in Headers */,
				D2BD8F7B1F02029800747F4A /* UserKernelShared.h in Headers */,
				D285011028D677C600230968 /* DtaEndianFixup.h in Headers */,
				D285010E28D6779400230968 /* DtaStructures.h in Headers */,
			);
			runOnlyForDeploymentPostprocessing = 0;
		};
		D2BD8F8C1F0205F900747F4A /* Headers */ = {
			isa = PBXHeadersBuildPhase;
			buildActionMask = 2147483647;
			files = (
				D2BD8F9B1F02073B00747F4A /* PrintBuffer.h in Headers */,
			);
			runOnlyForDeploymentPostprocessing = 0;
		};
		D2BD8F9E1F0207AF00747F4A /* Headers */ = {
			isa = PBXHeadersBuildPhase;
			buildActionMask = 2147483647;
			files = (
				D28059A128C912E600EB9C59 /* limits.h in Headers */,
				D280599F28C9126200EB9C59 /* db.h in Headers */,
				D29EAE6128C8E24C00A307DF /* InterfaceDeviceID.h in Headers */,
				D2747D8D28D0509700FFF949 /* ParseATIdentify.h in Headers */,
				D27129ED28C53FB5007AB870 /* kernel_PrintBuffer.h in Headers */,
			);
			runOnlyForDeploymentPostprocessing = 0;
		};
/* End PBXHeadersBuildPhase section */

/* Begin PBXNativeTarget section */
		D2BD8F5F1F02017B00747F4A /* SEDKernelInterface */ = {
			isa = PBXNativeTarget;
			buildConfigurationList = D2BD8F661F02017B00747F4A /* Build configuration list for PBXNativeTarget "SEDKernelInterface" */;
			buildPhases = (
				D2BD8F5B1F02017B00747F4A /* Sources */,
				D2BD8F5C1F02017B00747F4A /* Frameworks */,
				D2BD8F5D1F02017B00747F4A /* Headers */,
				D2BD8F5E1F02017B00747F4A /* Resources */,
			);
			buildRules = (
			);
			dependencies = (
			);
			name = SEDKernelInterface;
			productName = SEDKernelInterface;
			productReference = D2BD8F601F02017B00747F4A /* SEDKernelInterface.framework */;
			productType = "com.apple.product-type.framework";
		};
		D2BD8F8D1F0205F900747F4A /* PrintBuffer */ = {
			isa = PBXNativeTarget;
			buildConfigurationList = D2BD8F941F0205F900747F4A /* Build configuration list for PBXNativeTarget "PrintBuffer" */;
			buildPhases = (
				D2BD8F8A1F0205F900747F4A /* Sources */,
				D2BD8F8B1F0205F900747F4A /* Frameworks */,
				D2BD8F8C1F0205F900747F4A /* Headers */,
			);
			buildRules = (
			);
			dependencies = (
			);
			name = PrintBuffer;
			productName = PrintBuffer;
			productReference = D2BD8F8E1F0205F900747F4A /* libPrintBuffer.a */;
			productType = "com.apple.product-type.library.static";
		};
		D2BD8FA01F0207AF00747F4A /* BrightPlazaTPer */ = {
			isa = PBXNativeTarget;
			buildConfigurationList = D2BD8FA61F0207AF00747F4A /* Build configuration list for PBXNativeTarget "BrightPlazaTPer" */;
			buildPhases = (
				D2BD8F9C1F0207AF00747F4A /* Sources */,
				D2BD8F9D1F0207AF00747F4A /* Frameworks */,
				D2BD8F9E1F0207AF00747F4A /* Headers */,
				D2BD8F9F1F0207AF00747F4A /* Resources */,
			);
			buildRules = (
			);
			dependencies = (
				D2953FD228D0DFD70050A950 /* PBXTargetDependency */,
				D2953FD028D0DFCF0050A950 /* PBXTargetDependency */,
			);
			name = BrightPlazaTPer;
			productName = BrightPlazaTPer;
			productReference = D2BD8FA11F0207AF00747F4A /* BrightPlazaTPer.kext */;
			productType = "com.apple.product-type.kernel-extension";
		};
/* End PBXNativeTarget section */

/* Begin PBXProject section */
		D2BD8F551F02016B00747F4A /* Project object */ = {
			isa = PBXProject;
			attributes = {
				KnownAssetTags = (
					New,
				);
				LastUpgradeCheck = 1340;
				TargetAttributes = {
					D2BD8F5F1F02017B00747F4A = {
						CreatedOnToolsVersion = 8.1;
						DevelopmentTeam = UES63D9K7E;
						ProvisioningStyle = Manual;
					};
					D2BD8F8D1F0205F900747F4A = {
						CreatedOnToolsVersion = 8.1;
						DevelopmentTeam = UES63D9K7E;
						ProvisioningStyle = Automatic;
					};
					D2BD8FA01F0207AF00747F4A = {
						CreatedOnToolsVersion = 8.1;
						DevelopmentTeam = UES63D9K7E;
						ProvisioningStyle = Manual;
					};
				};
			};
			buildConfigurationList = D2BD8F581F02016B00747F4A /* Build configuration list for PBXProject "SEDDriver" */;
			compatibilityVersion = "Xcode 3.2";
			developmentRegion = en;
			hasScannedForEncodings = 0;
			knownRegions = (
				en,
				Base,
				de,
				he,
				en_AU,
				ar,
				el,
				ja,
				uk,
				es_419,
				zh_CN,
				es,
				da,
				it,
				sk,
				pt_PT,
				ms,
				sv,
				cs,
				ko,
				no,
				nb,
				hu,
				zh_HK,
				tr,
				pl,
				zh_TW,
				en_GB,
				vi,
				ru,
				fr_CA,
				fr,
				fi,
				id,
				nl,
				th,
				pt,
				ro,
				hr,
				hi,
				ca,
			);
			mainGroup = D2BD8F541F02016B00747F4A;
			productRefGroup = D2BD8F611F02017B00747F4A /* Products */;
			projectDirPath = "";
			projectRoot = "";
			targets = (
				D2BD8FA01F0207AF00747F4A /* BrightPlazaTPer */,
				D2BD8F5F1F02017B00747F4A /* SEDKernelInterface */,
				D2BD8F8D1F0205F900747F4A /* PrintBuffer */,
			);
		};
/* End PBXProject section */

/* Begin PBXResourcesBuildPhase section */
		D2BD8F5E1F02017B00747F4A /* Resources */ = {
			isa = PBXResourcesBuildPhase;
			buildActionMask = 2147483647;
			files = (
			);
			runOnlyForDeploymentPostprocessing = 0;
		};
		D2BD8F9F1F0207AF00747F4A /* Resources */ = {
			isa = PBXResourcesBuildPhase;
			buildActionMask = 2147483647;
			files = (
			);
			runOnlyForDeploymentPostprocessing = 0;
		};
/* End PBXResourcesBuildPhase section */

/* Begin PBXSourcesBuildPhase section */
		D2BD8F5B1F02017B00747F4A /* Sources */ = {
			isa = PBXSourcesBuildPhase;
			buildActionMask = 2147483647;
			files = (
				D2A1BB5A28CA636D00B492CE /* ParseATIdentify.cpp in Sources */,
				D2BD8F731F02021F00747F4A /* TPerKernelInterface.c in Sources */,
				D26EB97D1F036671002200A2 /* RegistryUtilities.mm in Sources */,
			);
			runOnlyForDeploymentPostprocessing = 0;
		};
		D2BD8F8A1F0205F900747F4A /* Sources */ = {
			isa = PBXSourcesBuildPhase;
			buildActionMask = 2147483647;
			files = (
				D2BD8F9A1F02072D00747F4A /* PrintBuffer.c in Sources */,
			);
			runOnlyForDeploymentPostprocessing = 0;
		};
		D2BD8F9C1F0207AF00747F4A /* Sources */ = {
			isa = PBXSourcesBuildPhase;
			buildActionMask = 2147483647;
			files = (
				D2747D8E28D0509700FFF949 /* ParseATIdentify.cpp in Sources */,
				D2BD8FB91F02082E00747F4A /* CDBAccess.cpp in Sources */,
				D2BD8FB41F02082E00747F4A /* UserClient.cpp in Sources */,
				D29EAE6328C8E2A100A307DF /* InterfaceDeviceID.cpp in Sources */,
				D2BD8FB21F02082E00747F4A /* TPerDriver.cpp in Sources */,
				D2BD8FB81F02082E00747F4A /* ATAProtocolDirections.cpp in Sources */,
				D2C0E43127406BD700F560FE /* PrintBuffer.c in Sources */,
			);
			runOnlyForDeploymentPostprocessing = 0;
		};
/* End PBXSourcesBuildPhase section */

/* Begin PBXTargetDependency section */
		D2953FD028D0DFCF0050A950 /* PBXTargetDependency */ = {
			isa = PBXTargetDependency;
			target = D2BD8F5F1F02017B00747F4A /* SEDKernelInterface */;
			targetProxy = D2953FCF28D0DFCF0050A950 /* PBXContainerItemProxy */;
		};
		D2953FD228D0DFD70050A950 /* PBXTargetDependency */ = {
			isa = PBXTargetDependency;
			target = D2BD8F8D1F0205F900747F4A /* PrintBuffer */;
			targetProxy = D2953FD128D0DFD70050A950 /* PBXContainerItemProxy */;
		};
/* End PBXTargetDependency section */

/* Begin XCBuildConfiguration section */
		D2763BE21F1273A50015B62C /* Debug Bonjour Multistart */ = {
			isa = XCBuildConfiguration;
			buildSettings = {
				ALWAYS_SEARCH_USER_PATHS = NO;
				ASSETCATALOG_COMPILER_APPICON_NAME = AppIcon;
				ASSETCATALOG_COMPILER_GLOBAL_ACCENT_COLOR_NAME = AccentColor;
				CLANG_ALLOW_NON_MODULAR_INCLUDES_IN_FRAMEWORK_MODULES = YES;
				CLANG_ANALYZER_GCD_PERFORMANCE = YES;
				CLANG_ANALYZER_LOCALIZABILITY_NONLOCALIZED = YES;
				CLANG_ANALYZER_NONNULL = YES;
				CLANG_ANALYZER_NUMBER_OBJECT_CONVERSION = YES_AGGRESSIVE;
				CLANG_ANALYZER_OSOBJECT_C_STYLE_CAST = YES;
				CLANG_ANALYZER_SECURITY_FLOATLOOPCOUNTER = YES;
				CLANG_ANALYZER_SECURITY_INSECUREAPI_RAND = YES;
				CLANG_ANALYZER_SECURITY_INSECUREAPI_STRCPY = YES;
				CLANG_CXX_LANGUAGE_STANDARD = "c++0x";
				CLANG_ENABLE_MODULES = YES;
				CLANG_ENABLE_OBJC_ARC = YES;
				CLANG_TIDY_BUGPRONE_REDUNDANT_BRANCH_CONDITION = YES;
				CLANG_TIDY_MISC_REDUNDANT_EXPRESSION = YES;
				CLANG_UNDEFINED_BEHAVIOR_SANITIZER_INTEGER = YES;
				CLANG_WARN_ASSIGN_ENUM = YES;
				CLANG_WARN_ATOMIC_IMPLICIT_SEQ_CST = YES;
				CLANG_WARN_BLOCK_CAPTURE_AUTORELEASING = YES;
				CLANG_WARN_BOOL_CONVERSION = YES;
				CLANG_WARN_COMMA = YES;
				CLANG_WARN_COMPLETION_HANDLER_MISUSE = YES;
				CLANG_WARN_CONSTANT_CONVERSION = YES;
				CLANG_WARN_CXX0X_EXTENSIONS = YES;
				CLANG_WARN_DEPRECATED_OBJC_IMPLEMENTATIONS = YES;
				CLANG_WARN_DIRECT_OBJC_ISA_USAGE = YES_ERROR;
				CLANG_WARN_DOCUMENTATION_COMMENTS = YES;
				CLANG_WARN_EMPTY_BODY = YES;
				CLANG_WARN_ENUM_CONVERSION = YES;
				CLANG_WARN_FRAMEWORK_INCLUDE_PRIVATE_FROM_PUBLIC = YES;
				CLANG_WARN_IMPLICIT_SIGN_CONVERSION = YES;
				CLANG_WARN_INFINITE_RECURSION = YES;
				CLANG_WARN_INT_CONVERSION = YES;
				CLANG_WARN_NULLABLE_TO_NONNULL_CONVERSION = YES;
				CLANG_WARN_OBJC_IMPLICIT_ATOMIC_PROPERTIES = YES;
				CLANG_WARN_OBJC_IMPLICIT_RETAIN_SELF = YES;
				CLANG_WARN_OBJC_INTERFACE_IVARS = YES;
				CLANG_WARN_OBJC_MISSING_PROPERTY_SYNTHESIS = YES;
				CLANG_WARN_OBJC_ROOT_CLASS = YES_ERROR;
				CLANG_WARN_QUOTED_INCLUDE_IN_FRAMEWORK_HEADER = NO;
				CLANG_WARN_RANGE_LOOP_ANALYSIS = YES;
				CLANG_WARN_SEMICOLON_BEFORE_METHOD_BODY = YES;
				CLANG_WARN_STRICT_PROTOTYPES = YES;
				CLANG_WARN_SUSPICIOUS_IMPLICIT_CONVERSION = YES;
				CLANG_WARN_SUSPICIOUS_MOVE = YES;
				CLANG_WARN_SUSPICIOUS_MOVES = YES;
				CLANG_WARN_UNGUARDED_AVAILABILITY = YES_AGGRESSIVE;
				CLANG_WARN_UNREACHABLE_CODE = YES;
				CLANG_WARN__DUPLICATE_METHOD_MATCH = YES;
				CLANG_WARN__EXIT_TIME_DESTRUCTORS = YES;
				CODE_SIGN_IDENTITY = "Apple Development";
				CODE_SIGN_STYLE = Automatic;
				COMBINE_HIDPI_IMAGES = YES;
				CURRENT_PROJECT_VERSION = 625;
				DEAD_CODE_STRIPPING = YES;
				DEBUG_INFORMATION_FORMAT = dwarf;
				DEVELOPMENT_TEAM = UES63D9K7E;
				ENABLE_HARDENED_RUNTIME = YES;
				ENABLE_STRICT_OBJC_MSGSEND = YES;
				ENABLE_TESTABILITY = YES;
				GCC_NO_COMMON_BLOCKS = YES;
				GCC_OPTIMIZATION_LEVEL = 0;
				GCC_PREPROCESSOR_DEFINITIONS = (
					"DEBUG=1",
					"ENABLE_BONJOUR=1",
					"MULTISTART=1",
				);
				GCC_TREAT_IMPLICIT_FUNCTION_DECLARATIONS_AS_ERRORS = YES;
				GCC_TREAT_INCOMPATIBLE_POINTER_TYPE_WARNINGS_AS_ERRORS = YES;
				GCC_TREAT_WARNINGS_AS_ERRORS = YES;
				GCC_WARN_64_TO_32_BIT_CONVERSION = YES;
				GCC_WARN_ABOUT_MISSING_FIELD_INITIALIZERS = YES;
				GCC_WARN_ABOUT_MISSING_NEWLINE = YES;
				GCC_WARN_ABOUT_MISSING_PROTOTYPES = YES;
				GCC_WARN_ABOUT_RETURN_TYPE = YES_ERROR;
				GCC_WARN_FOUR_CHARACTER_CONSTANTS = YES;
				GCC_WARN_HIDDEN_VIRTUAL_FUNCTIONS = YES;
				GCC_WARN_INITIALIZER_NOT_FULLY_BRACKETED = YES;
				GCC_WARN_NON_VIRTUAL_DESTRUCTOR = YES;
				GCC_WARN_PEDANTIC = NO;
				GCC_WARN_SHADOW = YES;
				GCC_WARN_SIGN_COMPARE = YES;
				GCC_WARN_STRICT_SELECTOR_MATCH = YES;
				GCC_WARN_UNDECLARED_SELECTOR = YES;
				GCC_WARN_UNINITIALIZED_AUTOS = YES_AGGRESSIVE;
				GCC_WARN_UNKNOWN_PRAGMAS = YES;
				GCC_WARN_UNUSED_FUNCTION = YES;
				GCC_WARN_UNUSED_LABEL = YES;
				GCC_WARN_UNUSED_PARAMETER = YES;
				GCC_WARN_UNUSED_VARIABLE = YES;
				MACOSX_DEPLOYMENT_TARGET = 11.3;
				MARKETING_VERSION = 2.0.5;
				MTL_ENABLE_DEBUG_INFO = YES;
				MTL_FAST_MATH = YES;
				ONLY_ACTIVE_ARCH = YES;
				OTHER_CPLUSPLUSFLAGS = (
					"$(OTHER_CFLAGS)",
					"-Wno-inconsistent-missing-override",
				);
				SDKROOT = macosx11.3;
				VERSIONING_SYSTEM = "apple-generic";
				WARNING_CFLAGS = "-Wall";
			};
			name = "Debug Bonjour Multistart";
		};
		D2763BE31F1273A50015B62C /* Debug Bonjour Multistart */ = {
			isa = XCBuildConfiguration;
			buildSettings = {
				DEAD_CODE_STRIPPING = YES;
				EXECUTABLE_PREFIX = lib;
				PRODUCT_NAME = "$(TARGET_NAME)";
			};
			name = "Debug Bonjour Multistart";
		};
		D2763BE41F1273A50015B62C /* Debug Bonjour Multistart */ = {
			isa = XCBuildConfiguration;
			buildSettings = {
				CODE_SIGN_IDENTITY = "Apple Development";
				"CODE_SIGN_IDENTITY[sdk=macosx*]" = "Developer ID Application";
				CODE_SIGN_STYLE = Manual;
				DEAD_CODE_STRIPPING = YES;
				DEFINES_MODULE = YES;
				DEVELOPMENT_TEAM = "";
				"DEVELOPMENT_TEAM[sdk=macosx*]" = UES63D9K7E;
				DYLIB_COMPATIBILITY_VERSION = 1;
				DYLIB_CURRENT_VERSION = 603;
				DYLIB_INSTALL_NAME_BASE = "@rpath";
				FRAMEWORK_VERSION = A;
				INFOPLIST_FILE = "$(SRCROOT)/SEDKernelInterface/Info.plist";
				INSTALL_PATH = "$(LOCAL_LIBRARY_DIR)/Frameworks";
				LD_RUNPATH_SEARCH_PATHS = "$(inherited) @executable_path/../Frameworks @loader_path/Frameworks";
				PRODUCT_BUNDLE_IDENTIFIER = com.brightplaza.SEDKernelInterface;
				PRODUCT_NAME = "$(TARGET_NAME)";
				PROVISIONING_PROFILE_SPECIFIER = "";
			};
			name = "Debug Bonjour Multistart";
		};
		D2763BE61F1273A50015B62C /* Debug Bonjour Multistart */ = {
			isa = XCBuildConfiguration;
			buildSettings = {
				CLANG_WARN__EXIT_TIME_DESTRUCTORS = NO;
				CODE_SIGN_IDENTITY = "Developer ID Application: Bright Plaza, Inc. (UES63D9K7E)";
				"CODE_SIGN_IDENTITY[sdk=macosx*]" = "Developer ID Application: Bright Plaza, Inc. (UES63D9K7E)";
				CODE_SIGN_INJECT_BASE_ENTITLEMENTS = NO;
				CODE_SIGN_STYLE = Manual;
				DEAD_CODE_STRIPPING = YES;
				DEVELOPMENT_TEAM = UES63D9K7E;
				ENABLE_HARDENED_RUNTIME = YES;
				GCC_PREPROCESSOR_DEFINITIONS = (
					"SED_KERNEL=1",
					"DEBUG=1",
					"DRIVER_DEBUG=1",
					"TARGET_OS_OSX=1",
				);
				INFOPLIST_FILE = BrightPlazaTPer/DebugInfo.plist;
				INSTALL_PATH = /Library/Extensions;
				LD_GENERATE_MAP_FILE = YES;
				MODULE_NAME = com.brightplaza.BrightPlazaTPer;
				MODULE_VERSION = 625;
				OTHER_LDFLAGS = "\"-isysroot$(DEVELOPER_SDK_DIR)/MacOSX$(MACOSX_DEPLOYMENT_TARGET).sdk\"";
				PRODUCT_BUNDLE_IDENTIFIER = com.brightplaza.BrightPlazaTPer;
				PRODUCT_NAME = "$(TARGET_NAME)";
				PROVISIONING_PROFILE_SPECIFIER = "";
				RUN_CLANG_STATIC_ANALYZER = YES;
				WRAPPER_EXTENSION = kext;
			};
			name = "Debug Bonjour Multistart";
		};
		D2763BEB1F1273B40015B62C /* Release Bonjour Multistart */ = {
			isa = XCBuildConfiguration;
			buildSettings = {
				ALWAYS_SEARCH_USER_PATHS = NO;
				ASSETCATALOG_COMPILER_APPICON_NAME = AppIcon;
				ASSETCATALOG_COMPILER_GLOBAL_ACCENT_COLOR_NAME = AccentColor;
				CLANG_ALLOW_NON_MODULAR_INCLUDES_IN_FRAMEWORK_MODULES = YES;
				CLANG_ANALYZER_GCD_PERFORMANCE = YES;
				CLANG_ANALYZER_LOCALIZABILITY_NONLOCALIZED = YES;
				CLANG_ANALYZER_NONNULL = YES;
				CLANG_ANALYZER_NUMBER_OBJECT_CONVERSION = YES_AGGRESSIVE;
				CLANG_ANALYZER_OSOBJECT_C_STYLE_CAST = YES;
				CLANG_ANALYZER_SECURITY_FLOATLOOPCOUNTER = YES;
				CLANG_ANALYZER_SECURITY_INSECUREAPI_RAND = YES;
				CLANG_ANALYZER_SECURITY_INSECUREAPI_STRCPY = YES;
				CLANG_CXX_LANGUAGE_STANDARD = "c++0x";
				CLANG_ENABLE_MODULES = YES;
				CLANG_ENABLE_OBJC_ARC = YES;
				CLANG_TIDY_BUGPRONE_REDUNDANT_BRANCH_CONDITION = YES;
				CLANG_TIDY_MISC_REDUNDANT_EXPRESSION = YES;
				CLANG_UNDEFINED_BEHAVIOR_SANITIZER_INTEGER = YES;
				CLANG_WARN_ASSIGN_ENUM = YES;
				CLANG_WARN_ATOMIC_IMPLICIT_SEQ_CST = YES;
				CLANG_WARN_BLOCK_CAPTURE_AUTORELEASING = YES;
				CLANG_WARN_BOOL_CONVERSION = YES;
				CLANG_WARN_COMMA = YES;
				CLANG_WARN_COMPLETION_HANDLER_MISUSE = YES;
				CLANG_WARN_CONSTANT_CONVERSION = YES;
				CLANG_WARN_CXX0X_EXTENSIONS = YES;
				CLANG_WARN_DEPRECATED_OBJC_IMPLEMENTATIONS = YES;
				CLANG_WARN_DIRECT_OBJC_ISA_USAGE = YES_ERROR;
				CLANG_WARN_DOCUMENTATION_COMMENTS = YES;
				CLANG_WARN_EMPTY_BODY = YES;
				CLANG_WARN_ENUM_CONVERSION = YES;
				CLANG_WARN_FRAMEWORK_INCLUDE_PRIVATE_FROM_PUBLIC = YES;
				CLANG_WARN_IMPLICIT_SIGN_CONVERSION = YES;
				CLANG_WARN_INFINITE_RECURSION = YES;
				CLANG_WARN_INT_CONVERSION = YES;
				CLANG_WARN_NULLABLE_TO_NONNULL_CONVERSION = YES;
				CLANG_WARN_OBJC_IMPLICIT_ATOMIC_PROPERTIES = YES;
				CLANG_WARN_OBJC_IMPLICIT_RETAIN_SELF = YES;
				CLANG_WARN_OBJC_INTERFACE_IVARS = YES;
				CLANG_WARN_OBJC_MISSING_PROPERTY_SYNTHESIS = YES;
				CLANG_WARN_OBJC_ROOT_CLASS = YES_ERROR;
				CLANG_WARN_QUOTED_INCLUDE_IN_FRAMEWORK_HEADER = NO;
				CLANG_WARN_RANGE_LOOP_ANALYSIS = YES;
				CLANG_WARN_SEMICOLON_BEFORE_METHOD_BODY = YES;
				CLANG_WARN_STRICT_PROTOTYPES = YES;
				CLANG_WARN_SUSPICIOUS_IMPLICIT_CONVERSION = YES;
				CLANG_WARN_SUSPICIOUS_MOVE = YES;
				CLANG_WARN_SUSPICIOUS_MOVES = YES;
				CLANG_WARN_UNGUARDED_AVAILABILITY = YES_AGGRESSIVE;
				CLANG_WARN_UNREACHABLE_CODE = YES;
				CLANG_WARN__DUPLICATE_METHOD_MATCH = YES;
				CLANG_WARN__EXIT_TIME_DESTRUCTORS = YES;
				CODE_SIGN_IDENTITY = "Apple Development";
				CODE_SIGN_STYLE = Automatic;
				COMBINE_HIDPI_IMAGES = YES;
				CURRENT_PROJECT_VERSION = 626;
				DEAD_CODE_STRIPPING = YES;
				DEBUG_INFORMATION_FORMAT = "dwarf-with-dsym";
				DEVELOPMENT_TEAM = UES63D9K7E;
				ENABLE_HARDENED_RUNTIME = YES;
				ENABLE_STRICT_OBJC_MSGSEND = YES;
				GCC_NO_COMMON_BLOCKS = YES;
				GCC_PREPROCESSOR_DEFINITIONS = (
					"ENABLE_BONJOUR=1",
					"MULTISTART=1",
				);
				GCC_TREAT_IMPLICIT_FUNCTION_DECLARATIONS_AS_ERRORS = YES;
				GCC_TREAT_INCOMPATIBLE_POINTER_TYPE_WARNINGS_AS_ERRORS = YES;
				GCC_TREAT_WARNINGS_AS_ERRORS = YES;
				GCC_WARN_64_TO_32_BIT_CONVERSION = YES;
				GCC_WARN_ABOUT_MISSING_FIELD_INITIALIZERS = YES;
				GCC_WARN_ABOUT_MISSING_NEWLINE = YES;
				GCC_WARN_ABOUT_MISSING_PROTOTYPES = YES;
				GCC_WARN_ABOUT_RETURN_TYPE = YES_ERROR;
				GCC_WARN_FOUR_CHARACTER_CONSTANTS = YES;
				GCC_WARN_HIDDEN_VIRTUAL_FUNCTIONS = YES;
				GCC_WARN_INITIALIZER_NOT_FULLY_BRACKETED = YES;
				GCC_WARN_NON_VIRTUAL_DESTRUCTOR = YES;
				GCC_WARN_PEDANTIC = NO;
				GCC_WARN_SHADOW = YES;
				GCC_WARN_SIGN_COMPARE = YES;
				GCC_WARN_STRICT_SELECTOR_MATCH = YES;
				GCC_WARN_UNDECLARED_SELECTOR = YES;
				GCC_WARN_UNINITIALIZED_AUTOS = YES_AGGRESSIVE;
				GCC_WARN_UNKNOWN_PRAGMAS = YES;
				GCC_WARN_UNUSED_FUNCTION = YES;
				GCC_WARN_UNUSED_LABEL = YES;
				GCC_WARN_UNUSED_PARAMETER = YES;
				GCC_WARN_UNUSED_VARIABLE = YES;
				MACOSX_DEPLOYMENT_TARGET = 11.3;
				MARKETING_VERSION = 2.0.6;
				MTL_ENABLE_DEBUG_INFO = NO;
				MTL_FAST_MATH = YES;
				OTHER_CPLUSPLUSFLAGS = (
					"$(OTHER_CFLAGS)",
					"-Wno-inconsistent-missing-override",
				);
				SDKROOT = macosx11.3;
				VERSIONING_SYSTEM = "apple-generic";
			};
			name = "Release Bonjour Multistart";
		};
		D2763BEC1F1273B40015B62C /* Release Bonjour Multistart */ = {
			isa = XCBuildConfiguration;
			buildSettings = {
				DEAD_CODE_STRIPPING = YES;
				EXECUTABLE_PREFIX = lib;
				PRODUCT_NAME = "$(TARGET_NAME)";
			};
			name = "Release Bonjour Multistart";
		};
		D2763BED1F1273B40015B62C /* Release Bonjour Multistart */ = {
			isa = XCBuildConfiguration;
			buildSettings = {
				CODE_SIGN_IDENTITY = "Apple Development";
				"CODE_SIGN_IDENTITY[sdk=macosx*]" = "Developer ID Application";
				CODE_SIGN_STYLE = Manual;
				DEAD_CODE_STRIPPING = YES;
				DEFINES_MODULE = YES;
				DEVELOPMENT_TEAM = "";
				"DEVELOPMENT_TEAM[sdk=macosx*]" = UES63D9K7E;
				DYLIB_COMPATIBILITY_VERSION = 1;
				DYLIB_CURRENT_VERSION = 603;
				DYLIB_INSTALL_NAME_BASE = "@rpath";
				FRAMEWORK_VERSION = A;
				INFOPLIST_FILE = "$(SRCROOT)/SEDKernelInterface/Info.plist";
				INSTALL_PATH = "$(LOCAL_LIBRARY_DIR)/Frameworks";
				LD_RUNPATH_SEARCH_PATHS = "$(inherited) @executable_path/../Frameworks @loader_path/Frameworks";
				PRODUCT_BUNDLE_IDENTIFIER = com.brightplaza.SEDKernelInterface;
				PRODUCT_NAME = "$(TARGET_NAME)";
				PROVISIONING_PROFILE_SPECIFIER = "";
			};
			name = "Release Bonjour Multistart";
		};
		D2763BEF1F1273B40015B62C /* Release Bonjour Multistart */ = {
			isa = XCBuildConfiguration;
			buildSettings = {
				CLANG_WARN__EXIT_TIME_DESTRUCTORS = NO;
				CODE_SIGN_IDENTITY = "Developer ID Application: Bright Plaza, Inc. (UES63D9K7E)";
				"CODE_SIGN_IDENTITY[sdk=macosx*]" = "Developer ID Application: Bright Plaza, Inc. (UES63D9K7E)";
				CODE_SIGN_INJECT_BASE_ENTITLEMENTS = NO;
				CODE_SIGN_STYLE = Manual;
				DEAD_CODE_STRIPPING = YES;
				DEVELOPMENT_TEAM = UES63D9K7E;
				ENABLE_HARDENED_RUNTIME = YES;
				GCC_PREPROCESSOR_DEFINITIONS = (
					"SED_KERNEL=1",
					"TARGET_OS_OSX=1",
				);
				INFOPLIST_FILE = BrightPlazaTPer/Info.plist;
				INSTALL_PATH = /Library/Extensions;
				LD_GENERATE_MAP_FILE = YES;
				MODULE_NAME = com.brightplaza.BrightPlazaTPer;
				MODULE_VERSION = 626;
				OTHER_LDFLAGS = "\"-isysroot$(DEVELOPER_SDK_DIR)/MacOSX$(MACOSX_DEPLOYMENT_TARGET).sdk\"";
				PRODUCT_BUNDLE_IDENTIFIER = com.brightplaza.BrightPlazaTPer;
				PRODUCT_NAME = "$(TARGET_NAME)";
				PROVISIONING_PROFILE_SPECIFIER = "";
				RUN_CLANG_STATIC_ANALYZER = YES;
				WRAPPER_EXTENSION = kext;
			};
			name = "Release Bonjour Multistart";
		};
		D2B7FA681F02ABC600F2D820 /* Debug Bonjour */ = {
			isa = XCBuildConfiguration;
			buildSettings = {
				ALWAYS_SEARCH_USER_PATHS = NO;
				ASSETCATALOG_COMPILER_APPICON_NAME = AppIcon;
				ASSETCATALOG_COMPILER_GLOBAL_ACCENT_COLOR_NAME = AccentColor;
				CLANG_ALLOW_NON_MODULAR_INCLUDES_IN_FRAMEWORK_MODULES = YES;
				CLANG_ANALYZER_GCD_PERFORMANCE = YES;
				CLANG_ANALYZER_LOCALIZABILITY_NONLOCALIZED = YES;
				CLANG_ANALYZER_NONNULL = YES;
				CLANG_ANALYZER_NUMBER_OBJECT_CONVERSION = YES_AGGRESSIVE;
				CLANG_ANALYZER_OSOBJECT_C_STYLE_CAST = YES;
				CLANG_ANALYZER_SECURITY_FLOATLOOPCOUNTER = YES;
				CLANG_ANALYZER_SECURITY_INSECUREAPI_RAND = YES;
				CLANG_ANALYZER_SECURITY_INSECUREAPI_STRCPY = YES;
				CLANG_CXX_LANGUAGE_STANDARD = "c++0x";
				CLANG_ENABLE_MODULES = YES;
				CLANG_ENABLE_OBJC_ARC = YES;
				CLANG_TIDY_BUGPRONE_REDUNDANT_BRANCH_CONDITION = YES;
				CLANG_TIDY_MISC_REDUNDANT_EXPRESSION = YES;
				CLANG_UNDEFINED_BEHAVIOR_SANITIZER_INTEGER = YES;
				CLANG_WARN_ASSIGN_ENUM = YES;
				CLANG_WARN_ATOMIC_IMPLICIT_SEQ_CST = YES;
				CLANG_WARN_BLOCK_CAPTURE_AUTORELEASING = YES;
				CLANG_WARN_BOOL_CONVERSION = YES;
				CLANG_WARN_COMMA = YES;
				CLANG_WARN_COMPLETION_HANDLER_MISUSE = YES;
				CLANG_WARN_CONSTANT_CONVERSION = YES;
				CLANG_WARN_CXX0X_EXTENSIONS = YES;
				CLANG_WARN_DEPRECATED_OBJC_IMPLEMENTATIONS = YES;
				CLANG_WARN_DIRECT_OBJC_ISA_USAGE = YES_ERROR;
				CLANG_WARN_DOCUMENTATION_COMMENTS = YES;
				CLANG_WARN_EMPTY_BODY = YES;
				CLANG_WARN_ENUM_CONVERSION = YES;
				CLANG_WARN_FRAMEWORK_INCLUDE_PRIVATE_FROM_PUBLIC = YES;
				CLANG_WARN_IMPLICIT_SIGN_CONVERSION = YES;
				CLANG_WARN_INFINITE_RECURSION = YES;
				CLANG_WARN_INT_CONVERSION = YES;
				CLANG_WARN_NULLABLE_TO_NONNULL_CONVERSION = YES;
				CLANG_WARN_OBJC_IMPLICIT_ATOMIC_PROPERTIES = YES;
				CLANG_WARN_OBJC_IMPLICIT_RETAIN_SELF = YES;
				CLANG_WARN_OBJC_INTERFACE_IVARS = YES;
				CLANG_WARN_OBJC_MISSING_PROPERTY_SYNTHESIS = YES;
				CLANG_WARN_OBJC_ROOT_CLASS = YES_ERROR;
				CLANG_WARN_QUOTED_INCLUDE_IN_FRAMEWORK_HEADER = NO;
				CLANG_WARN_RANGE_LOOP_ANALYSIS = YES;
				CLANG_WARN_SEMICOLON_BEFORE_METHOD_BODY = YES;
				CLANG_WARN_STRICT_PROTOTYPES = YES;
				CLANG_WARN_SUSPICIOUS_IMPLICIT_CONVERSION = YES;
				CLANG_WARN_SUSPICIOUS_MOVE = YES;
				CLANG_WARN_SUSPICIOUS_MOVES = YES;
				CLANG_WARN_UNGUARDED_AVAILABILITY = YES_AGGRESSIVE;
				CLANG_WARN_UNREACHABLE_CODE = YES;
				CLANG_WARN__DUPLICATE_METHOD_MATCH = YES;
				CLANG_WARN__EXIT_TIME_DESTRUCTORS = YES;
				CODE_SIGN_IDENTITY = "Apple Development";
				CODE_SIGN_STYLE = Automatic;
				COMBINE_HIDPI_IMAGES = YES;
				CURRENT_PROJECT_VERSION = 625;
				DEAD_CODE_STRIPPING = YES;
				DEBUG_INFORMATION_FORMAT = dwarf;
				DEVELOPMENT_TEAM = UES63D9K7E;
				ENABLE_HARDENED_RUNTIME = YES;
				ENABLE_STRICT_OBJC_MSGSEND = YES;
				ENABLE_TESTABILITY = YES;
				GCC_NO_COMMON_BLOCKS = YES;
				GCC_OPTIMIZATION_LEVEL = 0;
				GCC_PREPROCESSOR_DEFINITIONS = (
					"DEBUG=1",
					"ENABLE_BONJOUR=1",
				);
				GCC_TREAT_IMPLICIT_FUNCTION_DECLARATIONS_AS_ERRORS = YES;
				GCC_TREAT_INCOMPATIBLE_POINTER_TYPE_WARNINGS_AS_ERRORS = YES;
				GCC_TREAT_WARNINGS_AS_ERRORS = YES;
				GCC_WARN_64_TO_32_BIT_CONVERSION = YES;
				GCC_WARN_ABOUT_MISSING_FIELD_INITIALIZERS = YES;
				GCC_WARN_ABOUT_MISSING_NEWLINE = YES;
				GCC_WARN_ABOUT_MISSING_PROTOTYPES = YES;
				GCC_WARN_ABOUT_RETURN_TYPE = YES_ERROR;
				GCC_WARN_FOUR_CHARACTER_CONSTANTS = YES;
				GCC_WARN_HIDDEN_VIRTUAL_FUNCTIONS = YES;
				GCC_WARN_INITIALIZER_NOT_FULLY_BRACKETED = YES;
				GCC_WARN_NON_VIRTUAL_DESTRUCTOR = YES;
				GCC_WARN_PEDANTIC = NO;
				GCC_WARN_SHADOW = YES;
				GCC_WARN_SIGN_COMPARE = YES;
				GCC_WARN_STRICT_SELECTOR_MATCH = YES;
				GCC_WARN_UNDECLARED_SELECTOR = YES;
				GCC_WARN_UNINITIALIZED_AUTOS = YES_AGGRESSIVE;
				GCC_WARN_UNKNOWN_PRAGMAS = YES;
				GCC_WARN_UNUSED_FUNCTION = YES;
				GCC_WARN_UNUSED_LABEL = YES;
				GCC_WARN_UNUSED_PARAMETER = YES;
				GCC_WARN_UNUSED_VARIABLE = YES;
				MACOSX_DEPLOYMENT_TARGET = 11.3;
				MARKETING_VERSION = 2.0.5;
				MTL_ENABLE_DEBUG_INFO = YES;
				MTL_FAST_MATH = YES;
				ONLY_ACTIVE_ARCH = YES;
				OTHER_CPLUSPLUSFLAGS = (
					"$(OTHER_CFLAGS)",
					"-Wno-inconsistent-missing-override",
				);
				SDKROOT = macosx11.3;
				VERSIONING_SYSTEM = "apple-generic";
				WARNING_CFLAGS = "-Wall";
			};
			name = "Debug Bonjour";
		};
		D2B7FA691F02ABC600F2D820 /* Debug Bonjour */ = {
			isa = XCBuildConfiguration;
			buildSettings = {
				CODE_SIGN_IDENTITY = "Apple Development";
				"CODE_SIGN_IDENTITY[sdk=macosx*]" = "Developer ID Application";
				CODE_SIGN_STYLE = Manual;
				DEAD_CODE_STRIPPING = YES;
				DEFINES_MODULE = YES;
				DEVELOPMENT_TEAM = "";
				"DEVELOPMENT_TEAM[sdk=macosx*]" = UES63D9K7E;
				DYLIB_COMPATIBILITY_VERSION = 1;
				DYLIB_CURRENT_VERSION = 603;
				DYLIB_INSTALL_NAME_BASE = "@rpath";
				FRAMEWORK_VERSION = A;
				INFOPLIST_FILE = "$(SRCROOT)/SEDKernelInterface/Info.plist";
				INSTALL_PATH = "$(LOCAL_LIBRARY_DIR)/Frameworks";
				LD_RUNPATH_SEARCH_PATHS = "$(inherited) @executable_path/../Frameworks @loader_path/Frameworks";
				PRODUCT_BUNDLE_IDENTIFIER = com.brightplaza.SEDKernelInterface;
				PRODUCT_NAME = "$(TARGET_NAME)";
				PROVISIONING_PROFILE_SPECIFIER = "";
			};
			name = "Debug Bonjour";
		};
		D2B7FA6A1F02ABC600F2D820 /* Debug Bonjour */ = {
			isa = XCBuildConfiguration;
			buildSettings = {
				DEAD_CODE_STRIPPING = YES;
				EXECUTABLE_PREFIX = lib;
				PRODUCT_NAME = "$(TARGET_NAME)";
			};
			name = "Debug Bonjour";
		};
		D2B7FA6B1F02ABC600F2D820 /* Debug Bonjour */ = {
			isa = XCBuildConfiguration;
			buildSettings = {
				CLANG_WARN__EXIT_TIME_DESTRUCTORS = NO;
				CODE_SIGN_IDENTITY = "Developer ID Application: Bright Plaza, Inc. (UES63D9K7E)";
				"CODE_SIGN_IDENTITY[sdk=macosx*]" = "Developer ID Application: Bright Plaza, Inc. (UES63D9K7E)";
				CODE_SIGN_INJECT_BASE_ENTITLEMENTS = NO;
				CODE_SIGN_STYLE = Manual;
				DEAD_CODE_STRIPPING = YES;
				DEVELOPMENT_TEAM = UES63D9K7E;
				ENABLE_HARDENED_RUNTIME = YES;
				GCC_PREPROCESSOR_DEFINITIONS = (
					"SED_KERNEL=1",
					"DEBUG=1",
					"DRIVER_DEBUG=1",
					"TARGET_OS_OSX=1",
				);
				INFOPLIST_FILE = BrightPlazaTPer/DebugInfo.plist;
				INSTALL_PATH = /Library/Extensions;
				LD_GENERATE_MAP_FILE = YES;
				MODULE_NAME = com.brightplaza.BrightPlazaTPer;
				MODULE_VERSION = 625;
				OTHER_LDFLAGS = "\"-isysroot$(DEVELOPER_SDK_DIR)/MacOSX$(MACOSX_DEPLOYMENT_TARGET).sdk\"";
				PRODUCT_BUNDLE_IDENTIFIER = com.brightplaza.BrightPlazaTPer;
				PRODUCT_NAME = "$(TARGET_NAME)";
				PROVISIONING_PROFILE_SPECIFIER = "";
				RUN_CLANG_STATIC_ANALYZER = YES;
				WRAPPER_EXTENSION = kext;
			};
			name = "Debug Bonjour";
		};
		D2B7FA6D1F02ABD100F2D820 /* Debug Bluetooth */ = {
			isa = XCBuildConfiguration;
			buildSettings = {
				ALWAYS_SEARCH_USER_PATHS = NO;
				ASSETCATALOG_COMPILER_APPICON_NAME = AppIcon;
				ASSETCATALOG_COMPILER_GLOBAL_ACCENT_COLOR_NAME = AccentColor;
				CLANG_ALLOW_NON_MODULAR_INCLUDES_IN_FRAMEWORK_MODULES = YES;
				CLANG_ANALYZER_GCD_PERFORMANCE = YES;
				CLANG_ANALYZER_LOCALIZABILITY_NONLOCALIZED = YES;
				CLANG_ANALYZER_NONNULL = YES;
				CLANG_ANALYZER_NUMBER_OBJECT_CONVERSION = YES_AGGRESSIVE;
				CLANG_ANALYZER_OSOBJECT_C_STYLE_CAST = YES;
				CLANG_ANALYZER_SECURITY_FLOATLOOPCOUNTER = YES;
				CLANG_ANALYZER_SECURITY_INSECUREAPI_RAND = YES;
				CLANG_ANALYZER_SECURITY_INSECUREAPI_STRCPY = YES;
				CLANG_CXX_LANGUAGE_STANDARD = "c++0x";
				CLANG_ENABLE_MODULES = YES;
				CLANG_ENABLE_OBJC_ARC = YES;
				CLANG_TIDY_BUGPRONE_REDUNDANT_BRANCH_CONDITION = YES;
				CLANG_TIDY_MISC_REDUNDANT_EXPRESSION = YES;
				CLANG_UNDEFINED_BEHAVIOR_SANITIZER_INTEGER = YES;
				CLANG_WARN_ASSIGN_ENUM = YES;
				CLANG_WARN_ATOMIC_IMPLICIT_SEQ_CST = YES;
				CLANG_WARN_BLOCK_CAPTURE_AUTORELEASING = YES;
				CLANG_WARN_BOOL_CONVERSION = YES;
				CLANG_WARN_COMMA = YES;
				CLANG_WARN_COMPLETION_HANDLER_MISUSE = YES;
				CLANG_WARN_CONSTANT_CONVERSION = YES;
				CLANG_WARN_CXX0X_EXTENSIONS = YES;
				CLANG_WARN_DEPRECATED_OBJC_IMPLEMENTATIONS = YES;
				CLANG_WARN_DIRECT_OBJC_ISA_USAGE = YES_ERROR;
				CLANG_WARN_DOCUMENTATION_COMMENTS = YES;
				CLANG_WARN_EMPTY_BODY = YES;
				CLANG_WARN_ENUM_CONVERSION = YES;
				CLANG_WARN_FRAMEWORK_INCLUDE_PRIVATE_FROM_PUBLIC = YES;
				CLANG_WARN_IMPLICIT_SIGN_CONVERSION = YES;
				CLANG_WARN_INFINITE_RECURSION = YES;
				CLANG_WARN_INT_CONVERSION = YES;
				CLANG_WARN_NULLABLE_TO_NONNULL_CONVERSION = YES;
				CLANG_WARN_OBJC_IMPLICIT_ATOMIC_PROPERTIES = YES;
				CLANG_WARN_OBJC_IMPLICIT_RETAIN_SELF = YES;
				CLANG_WARN_OBJC_INTERFACE_IVARS = YES;
				CLANG_WARN_OBJC_MISSING_PROPERTY_SYNTHESIS = YES;
				CLANG_WARN_OBJC_ROOT_CLASS = YES_ERROR;
				CLANG_WARN_QUOTED_INCLUDE_IN_FRAMEWORK_HEADER = NO;
				CLANG_WARN_RANGE_LOOP_ANALYSIS = YES;
				CLANG_WARN_SEMICOLON_BEFORE_METHOD_BODY = YES;
				CLANG_WARN_STRICT_PROTOTYPES = YES;
				CLANG_WARN_SUSPICIOUS_IMPLICIT_CONVERSION = YES;
				CLANG_WARN_SUSPICIOUS_MOVE = YES;
				CLANG_WARN_SUSPICIOUS_MOVES = YES;
				CLANG_WARN_UNGUARDED_AVAILABILITY = YES_AGGRESSIVE;
				CLANG_WARN_UNREACHABLE_CODE = YES;
				CLANG_WARN__DUPLICATE_METHOD_MATCH = YES;
				CLANG_WARN__EXIT_TIME_DESTRUCTORS = YES;
				CODE_SIGN_IDENTITY = "Apple Development";
				CODE_SIGN_STYLE = Automatic;
				COMBINE_HIDPI_IMAGES = YES;
				CURRENT_PROJECT_VERSION = 625;
				DEAD_CODE_STRIPPING = YES;
				DEBUG_INFORMATION_FORMAT = dwarf;
				DEVELOPMENT_TEAM = UES63D9K7E;
				ENABLE_HARDENED_RUNTIME = YES;
				ENABLE_STRICT_OBJC_MSGSEND = YES;
				ENABLE_TESTABILITY = YES;
				GCC_NO_COMMON_BLOCKS = YES;
				GCC_OPTIMIZATION_LEVEL = 0;
				GCC_PREPROCESSOR_DEFINITIONS = (
					"DEBUG=1",
					"ENABLE_BLUETOOTH=1",
				);
				GCC_TREAT_IMPLICIT_FUNCTION_DECLARATIONS_AS_ERRORS = YES;
				GCC_TREAT_INCOMPATIBLE_POINTER_TYPE_WARNINGS_AS_ERRORS = YES;
				GCC_TREAT_WARNINGS_AS_ERRORS = YES;
				GCC_WARN_64_TO_32_BIT_CONVERSION = YES;
				GCC_WARN_ABOUT_MISSING_FIELD_INITIALIZERS = YES;
				GCC_WARN_ABOUT_MISSING_NEWLINE = YES;
				GCC_WARN_ABOUT_MISSING_PROTOTYPES = YES;
				GCC_WARN_ABOUT_RETURN_TYPE = YES_ERROR;
				GCC_WARN_FOUR_CHARACTER_CONSTANTS = YES;
				GCC_WARN_HIDDEN_VIRTUAL_FUNCTIONS = YES;
				GCC_WARN_INITIALIZER_NOT_FULLY_BRACKETED = YES;
				GCC_WARN_NON_VIRTUAL_DESTRUCTOR = YES;
				GCC_WARN_PEDANTIC = NO;
				GCC_WARN_SHADOW = YES;
				GCC_WARN_SIGN_COMPARE = YES;
				GCC_WARN_STRICT_SELECTOR_MATCH = YES;
				GCC_WARN_UNDECLARED_SELECTOR = YES;
				GCC_WARN_UNINITIALIZED_AUTOS = YES_AGGRESSIVE;
				GCC_WARN_UNKNOWN_PRAGMAS = YES;
				GCC_WARN_UNUSED_FUNCTION = YES;
				GCC_WARN_UNUSED_LABEL = YES;
				GCC_WARN_UNUSED_PARAMETER = YES;
				GCC_WARN_UNUSED_VARIABLE = YES;
				MACOSX_DEPLOYMENT_TARGET = 11.3;
				MARKETING_VERSION = 2.0.5;
				MTL_ENABLE_DEBUG_INFO = YES;
				MTL_FAST_MATH = YES;
				ONLY_ACTIVE_ARCH = YES;
				OTHER_CPLUSPLUSFLAGS = (
					"$(OTHER_CFLAGS)",
					"-Wno-inconsistent-missing-override",
				);
				SDKROOT = macosx11.3;
				VERSIONING_SYSTEM = "apple-generic";
				WARNING_CFLAGS = "-Wall";
			};
			name = "Debug Bluetooth";
		};
		D2B7FA6E1F02ABD100F2D820 /* Debug Bluetooth */ = {
			isa = XCBuildConfiguration;
			buildSettings = {
				CODE_SIGN_IDENTITY = "Apple Development";
				"CODE_SIGN_IDENTITY[sdk=macosx*]" = "Developer ID Application";
				CODE_SIGN_STYLE = Manual;
				DEAD_CODE_STRIPPING = YES;
				DEFINES_MODULE = YES;
				DEVELOPMENT_TEAM = "";
				"DEVELOPMENT_TEAM[sdk=macosx*]" = UES63D9K7E;
				DYLIB_COMPATIBILITY_VERSION = 1;
				DYLIB_CURRENT_VERSION = 603;
				DYLIB_INSTALL_NAME_BASE = "@rpath";
				FRAMEWORK_VERSION = A;
				INFOPLIST_FILE = "$(SRCROOT)/SEDKernelInterface/Info.plist";
				INSTALL_PATH = "$(LOCAL_LIBRARY_DIR)/Frameworks";
				LD_RUNPATH_SEARCH_PATHS = "$(inherited) @executable_path/../Frameworks @loader_path/Frameworks";
				PRODUCT_BUNDLE_IDENTIFIER = com.brightplaza.SEDKernelInterface;
				PRODUCT_NAME = "$(TARGET_NAME)";
				PROVISIONING_PROFILE_SPECIFIER = "";
			};
			name = "Debug Bluetooth";
		};
		D2B7FA6F1F02ABD100F2D820 /* Debug Bluetooth */ = {
			isa = XCBuildConfiguration;
			buildSettings = {
				DEAD_CODE_STRIPPING = YES;
				EXECUTABLE_PREFIX = lib;
				PRODUCT_NAME = "$(TARGET_NAME)";
			};
			name = "Debug Bluetooth";
		};
		D2B7FA701F02ABD100F2D820 /* Debug Bluetooth */ = {
			isa = XCBuildConfiguration;
			buildSettings = {
				CLANG_WARN__EXIT_TIME_DESTRUCTORS = NO;
				CODE_SIGN_IDENTITY = "Developer ID Application: Bright Plaza, Inc. (UES63D9K7E)";
				"CODE_SIGN_IDENTITY[sdk=macosx*]" = "Developer ID Application: Bright Plaza, Inc. (UES63D9K7E)";
				CODE_SIGN_INJECT_BASE_ENTITLEMENTS = NO;
				CODE_SIGN_STYLE = Manual;
				DEAD_CODE_STRIPPING = YES;
				DEVELOPMENT_TEAM = UES63D9K7E;
				ENABLE_HARDENED_RUNTIME = YES;
				GCC_PREPROCESSOR_DEFINITIONS = (
					"SED_KERNEL=1",
					"DEBUG=1",
					"DRIVER_DEBUG=1",
					"TARGET_OS_OSX=1",
				);
				INFOPLIST_FILE = BrightPlazaTPer/DebugInfo.plist;
				INSTALL_PATH = /Library/Extensions;
				LD_GENERATE_MAP_FILE = YES;
				MODULE_NAME = com.brightplaza.BrightPlazaTPer;
				MODULE_VERSION = 625;
				OTHER_LDFLAGS = "\"-isysroot$(DEVELOPER_SDK_DIR)/MacOSX$(MACOSX_DEPLOYMENT_TARGET).sdk\"";
				PRODUCT_BUNDLE_IDENTIFIER = com.brightplaza.BrightPlazaTPer;
				PRODUCT_NAME = "$(TARGET_NAME)";
				PROVISIONING_PROFILE_SPECIFIER = "";
				RUN_CLANG_STATIC_ANALYZER = YES;
				WRAPPER_EXTENSION = kext;
			};
			name = "Debug Bluetooth";
		};
		D2B7FA721F02ABDB00F2D820 /* Debug Bonjour and Bluetooth */ = {
			isa = XCBuildConfiguration;
			buildSettings = {
				ALWAYS_SEARCH_USER_PATHS = NO;
				ASSETCATALOG_COMPILER_APPICON_NAME = AppIcon;
				ASSETCATALOG_COMPILER_GLOBAL_ACCENT_COLOR_NAME = AccentColor;
				CLANG_ALLOW_NON_MODULAR_INCLUDES_IN_FRAMEWORK_MODULES = YES;
				CLANG_ANALYZER_GCD_PERFORMANCE = YES;
				CLANG_ANALYZER_LOCALIZABILITY_NONLOCALIZED = YES;
				CLANG_ANALYZER_NONNULL = YES;
				CLANG_ANALYZER_NUMBER_OBJECT_CONVERSION = YES_AGGRESSIVE;
				CLANG_ANALYZER_OSOBJECT_C_STYLE_CAST = YES;
				CLANG_ANALYZER_SECURITY_FLOATLOOPCOUNTER = YES;
				CLANG_ANALYZER_SECURITY_INSECUREAPI_RAND = YES;
				CLANG_ANALYZER_SECURITY_INSECUREAPI_STRCPY = YES;
				CLANG_CXX_LANGUAGE_STANDARD = "c++0x";
				CLANG_ENABLE_MODULES = YES;
				CLANG_ENABLE_OBJC_ARC = YES;
				CLANG_TIDY_BUGPRONE_REDUNDANT_BRANCH_CONDITION = YES;
				CLANG_TIDY_MISC_REDUNDANT_EXPRESSION = YES;
				CLANG_UNDEFINED_BEHAVIOR_SANITIZER_INTEGER = YES;
				CLANG_WARN_ASSIGN_ENUM = YES;
				CLANG_WARN_ATOMIC_IMPLICIT_SEQ_CST = YES;
				CLANG_WARN_BLOCK_CAPTURE_AUTORELEASING = YES;
				CLANG_WARN_BOOL_CONVERSION = YES;
				CLANG_WARN_COMMA = YES;
				CLANG_WARN_COMPLETION_HANDLER_MISUSE = YES;
				CLANG_WARN_CONSTANT_CONVERSION = YES;
				CLANG_WARN_CXX0X_EXTENSIONS = YES;
				CLANG_WARN_DEPRECATED_OBJC_IMPLEMENTATIONS = YES;
				CLANG_WARN_DIRECT_OBJC_ISA_USAGE = YES_ERROR;
				CLANG_WARN_DOCUMENTATION_COMMENTS = YES;
				CLANG_WARN_EMPTY_BODY = YES;
				CLANG_WARN_ENUM_CONVERSION = YES;
				CLANG_WARN_FRAMEWORK_INCLUDE_PRIVATE_FROM_PUBLIC = YES;
				CLANG_WARN_IMPLICIT_SIGN_CONVERSION = YES;
				CLANG_WARN_INFINITE_RECURSION = YES;
				CLANG_WARN_INT_CONVERSION = YES;
				CLANG_WARN_NULLABLE_TO_NONNULL_CONVERSION = YES;
				CLANG_WARN_OBJC_IMPLICIT_ATOMIC_PROPERTIES = YES;
				CLANG_WARN_OBJC_IMPLICIT_RETAIN_SELF = YES;
				CLANG_WARN_OBJC_INTERFACE_IVARS = YES;
				CLANG_WARN_OBJC_MISSING_PROPERTY_SYNTHESIS = YES;
				CLANG_WARN_OBJC_ROOT_CLASS = YES_ERROR;
				CLANG_WARN_QUOTED_INCLUDE_IN_FRAMEWORK_HEADER = NO;
				CLANG_WARN_RANGE_LOOP_ANALYSIS = YES;
				CLANG_WARN_SEMICOLON_BEFORE_METHOD_BODY = YES;
				CLANG_WARN_STRICT_PROTOTYPES = YES;
				CLANG_WARN_SUSPICIOUS_IMPLICIT_CONVERSION = YES;
				CLANG_WARN_SUSPICIOUS_MOVE = YES;
				CLANG_WARN_SUSPICIOUS_MOVES = YES;
				CLANG_WARN_UNGUARDED_AVAILABILITY = YES_AGGRESSIVE;
				CLANG_WARN_UNREACHABLE_CODE = YES;
				CLANG_WARN__DUPLICATE_METHOD_MATCH = YES;
				CLANG_WARN__EXIT_TIME_DESTRUCTORS = YES;
				CODE_SIGN_IDENTITY = "Apple Development";
				CODE_SIGN_STYLE = Automatic;
				COMBINE_HIDPI_IMAGES = YES;
				CURRENT_PROJECT_VERSION = 625;
				DEAD_CODE_STRIPPING = YES;
				DEBUG_INFORMATION_FORMAT = dwarf;
				DEVELOPMENT_TEAM = UES63D9K7E;
				ENABLE_HARDENED_RUNTIME = YES;
				ENABLE_STRICT_OBJC_MSGSEND = YES;
				ENABLE_TESTABILITY = YES;
				GCC_NO_COMMON_BLOCKS = YES;
				GCC_OPTIMIZATION_LEVEL = 0;
				GCC_PREPROCESSOR_DEFINITIONS = (
					"DEBUG=1",
					"ENABLE_BONJOUR=1",
					"ENABLE_BLUETOOTH=1",
				);
				GCC_TREAT_IMPLICIT_FUNCTION_DECLARATIONS_AS_ERRORS = YES;
				GCC_TREAT_INCOMPATIBLE_POINTER_TYPE_WARNINGS_AS_ERRORS = YES;
				GCC_TREAT_WARNINGS_AS_ERRORS = YES;
				GCC_WARN_64_TO_32_BIT_CONVERSION = YES;
				GCC_WARN_ABOUT_MISSING_FIELD_INITIALIZERS = YES;
				GCC_WARN_ABOUT_MISSING_NEWLINE = YES;
				GCC_WARN_ABOUT_MISSING_PROTOTYPES = YES;
				GCC_WARN_ABOUT_RETURN_TYPE = YES_ERROR;
				GCC_WARN_FOUR_CHARACTER_CONSTANTS = YES;
				GCC_WARN_HIDDEN_VIRTUAL_FUNCTIONS = YES;
				GCC_WARN_INITIALIZER_NOT_FULLY_BRACKETED = YES;
				GCC_WARN_NON_VIRTUAL_DESTRUCTOR = YES;
				GCC_WARN_PEDANTIC = NO;
				GCC_WARN_SHADOW = YES;
				GCC_WARN_SIGN_COMPARE = YES;
				GCC_WARN_STRICT_SELECTOR_MATCH = YES;
				GCC_WARN_UNDECLARED_SELECTOR = YES;
				GCC_WARN_UNINITIALIZED_AUTOS = YES_AGGRESSIVE;
				GCC_WARN_UNKNOWN_PRAGMAS = YES;
				GCC_WARN_UNUSED_FUNCTION = YES;
				GCC_WARN_UNUSED_LABEL = YES;
				GCC_WARN_UNUSED_PARAMETER = YES;
				GCC_WARN_UNUSED_VARIABLE = YES;
				MACOSX_DEPLOYMENT_TARGET = 11.3;
				MARKETING_VERSION = 2.0.5;
				MTL_ENABLE_DEBUG_INFO = YES;
				MTL_FAST_MATH = YES;
				ONLY_ACTIVE_ARCH = YES;
				OTHER_CPLUSPLUSFLAGS = (
					"$(OTHER_CFLAGS)",
					"-Wno-inconsistent-missing-override",
				);
				SDKROOT = macosx11.3;
				VERSIONING_SYSTEM = "apple-generic";
				WARNING_CFLAGS = "-Wall";
			};
			name = "Debug Bonjour and Bluetooth";
		};
		D2B7FA731F02ABDB00F2D820 /* Debug Bonjour and Bluetooth */ = {
			isa = XCBuildConfiguration;
			buildSettings = {
				CODE_SIGN_IDENTITY = "Apple Development";
				"CODE_SIGN_IDENTITY[sdk=macosx*]" = "Developer ID Application";
				CODE_SIGN_STYLE = Manual;
				DEAD_CODE_STRIPPING = YES;
				DEFINES_MODULE = YES;
				DEVELOPMENT_TEAM = "";
				"DEVELOPMENT_TEAM[sdk=macosx*]" = UES63D9K7E;
				DYLIB_COMPATIBILITY_VERSION = 1;
				DYLIB_CURRENT_VERSION = 603;
				DYLIB_INSTALL_NAME_BASE = "@rpath";
				FRAMEWORK_VERSION = A;
				INFOPLIST_FILE = "$(SRCROOT)/SEDKernelInterface/Info.plist";
				INSTALL_PATH = "$(LOCAL_LIBRARY_DIR)/Frameworks";
				LD_RUNPATH_SEARCH_PATHS = "$(inherited) @executable_path/../Frameworks @loader_path/Frameworks";
				PRODUCT_BUNDLE_IDENTIFIER = com.brightplaza.SEDKernelInterface;
				PRODUCT_NAME = "$(TARGET_NAME)";
				PROVISIONING_PROFILE_SPECIFIER = "";
			};
			name = "Debug Bonjour and Bluetooth";
		};
		D2B7FA741F02ABDB00F2D820 /* Debug Bonjour and Bluetooth */ = {
			isa = XCBuildConfiguration;
			buildSettings = {
				DEAD_CODE_STRIPPING = YES;
				EXECUTABLE_PREFIX = lib;
				PRODUCT_NAME = "$(TARGET_NAME)";
			};
			name = "Debug Bonjour and Bluetooth";
		};
		D2B7FA751F02ABDB00F2D820 /* Debug Bonjour and Bluetooth */ = {
			isa = XCBuildConfiguration;
			buildSettings = {
				CLANG_WARN__EXIT_TIME_DESTRUCTORS = NO;
				CODE_SIGN_IDENTITY = "Developer ID Application: Bright Plaza, Inc. (UES63D9K7E)";
				"CODE_SIGN_IDENTITY[sdk=macosx*]" = "Developer ID Application: Bright Plaza, Inc. (UES63D9K7E)";
				CODE_SIGN_INJECT_BASE_ENTITLEMENTS = NO;
				CODE_SIGN_STYLE = Manual;
				DEAD_CODE_STRIPPING = YES;
				DEVELOPMENT_TEAM = UES63D9K7E;
				ENABLE_HARDENED_RUNTIME = YES;
				GCC_PREPROCESSOR_DEFINITIONS = (
					"SED_KERNEL=1",
					"DEBUG=1",
					"DRIVER_DEBUG=1",
					"TARGET_OS_OSX=1",
				);
				INFOPLIST_FILE = BrightPlazaTPer/DebugInfo.plist;
				INSTALL_PATH = /Library/Extensions;
				LD_GENERATE_MAP_FILE = YES;
				MODULE_NAME = com.brightplaza.BrightPlazaTPer;
				MODULE_VERSION = 625;
				OTHER_LDFLAGS = "\"-isysroot$(DEVELOPER_SDK_DIR)/MacOSX$(MACOSX_DEPLOYMENT_TARGET).sdk\"";
				PRODUCT_BUNDLE_IDENTIFIER = com.brightplaza.BrightPlazaTPer;
				PRODUCT_NAME = "$(TARGET_NAME)";
				PROVISIONING_PROFILE_SPECIFIER = "";
				RUN_CLANG_STATIC_ANALYZER = YES;
				WRAPPER_EXTENSION = kext;
			};
			name = "Debug Bonjour and Bluetooth";
		};
		D2B7FA771F02ABEF00F2D820 /* Release Bonjour */ = {
			isa = XCBuildConfiguration;
			buildSettings = {
				ALWAYS_SEARCH_USER_PATHS = NO;
				ASSETCATALOG_COMPILER_APPICON_NAME = AppIcon;
				ASSETCATALOG_COMPILER_GLOBAL_ACCENT_COLOR_NAME = AccentColor;
				CLANG_ALLOW_NON_MODULAR_INCLUDES_IN_FRAMEWORK_MODULES = YES;
				CLANG_ANALYZER_GCD_PERFORMANCE = YES;
				CLANG_ANALYZER_LOCALIZABILITY_NONLOCALIZED = YES;
				CLANG_ANALYZER_NONNULL = YES;
				CLANG_ANALYZER_NUMBER_OBJECT_CONVERSION = YES_AGGRESSIVE;
				CLANG_ANALYZER_OSOBJECT_C_STYLE_CAST = YES;
				CLANG_ANALYZER_SECURITY_FLOATLOOPCOUNTER = YES;
				CLANG_ANALYZER_SECURITY_INSECUREAPI_RAND = YES;
				CLANG_ANALYZER_SECURITY_INSECUREAPI_STRCPY = YES;
				CLANG_CXX_LANGUAGE_STANDARD = "c++0x";
				CLANG_ENABLE_MODULES = YES;
				CLANG_ENABLE_OBJC_ARC = YES;
				CLANG_TIDY_BUGPRONE_REDUNDANT_BRANCH_CONDITION = YES;
				CLANG_TIDY_MISC_REDUNDANT_EXPRESSION = YES;
				CLANG_UNDEFINED_BEHAVIOR_SANITIZER_INTEGER = YES;
				CLANG_WARN_ASSIGN_ENUM = YES;
				CLANG_WARN_ATOMIC_IMPLICIT_SEQ_CST = YES;
				CLANG_WARN_BLOCK_CAPTURE_AUTORELEASING = YES;
				CLANG_WARN_BOOL_CONVERSION = YES;
				CLANG_WARN_COMMA = YES;
				CLANG_WARN_COMPLETION_HANDLER_MISUSE = YES;
				CLANG_WARN_CONSTANT_CONVERSION = YES;
				CLANG_WARN_CXX0X_EXTENSIONS = YES;
				CLANG_WARN_DEPRECATED_OBJC_IMPLEMENTATIONS = YES;
				CLANG_WARN_DIRECT_OBJC_ISA_USAGE = YES_ERROR;
				CLANG_WARN_DOCUMENTATION_COMMENTS = YES;
				CLANG_WARN_EMPTY_BODY = YES;
				CLANG_WARN_ENUM_CONVERSION = YES;
				CLANG_WARN_FRAMEWORK_INCLUDE_PRIVATE_FROM_PUBLIC = YES;
				CLANG_WARN_IMPLICIT_SIGN_CONVERSION = YES;
				CLANG_WARN_INFINITE_RECURSION = YES;
				CLANG_WARN_INT_CONVERSION = YES;
				CLANG_WARN_NULLABLE_TO_NONNULL_CONVERSION = YES;
				CLANG_WARN_OBJC_IMPLICIT_ATOMIC_PROPERTIES = YES;
				CLANG_WARN_OBJC_IMPLICIT_RETAIN_SELF = YES;
				CLANG_WARN_OBJC_INTERFACE_IVARS = YES;
				CLANG_WARN_OBJC_MISSING_PROPERTY_SYNTHESIS = YES;
				CLANG_WARN_OBJC_ROOT_CLASS = YES_ERROR;
				CLANG_WARN_QUOTED_INCLUDE_IN_FRAMEWORK_HEADER = NO;
				CLANG_WARN_RANGE_LOOP_ANALYSIS = YES;
				CLANG_WARN_SEMICOLON_BEFORE_METHOD_BODY = YES;
				CLANG_WARN_STRICT_PROTOTYPES = YES;
				CLANG_WARN_SUSPICIOUS_IMPLICIT_CONVERSION = YES;
				CLANG_WARN_SUSPICIOUS_MOVE = YES;
				CLANG_WARN_SUSPICIOUS_MOVES = YES;
				CLANG_WARN_UNGUARDED_AVAILABILITY = YES_AGGRESSIVE;
				CLANG_WARN_UNREACHABLE_CODE = YES;
				CLANG_WARN__DUPLICATE_METHOD_MATCH = YES;
				CLANG_WARN__EXIT_TIME_DESTRUCTORS = YES;
				CODE_SIGN_IDENTITY = "Apple Development";
				CODE_SIGN_STYLE = Automatic;
				COMBINE_HIDPI_IMAGES = YES;
				CURRENT_PROJECT_VERSION = 626;
				DEAD_CODE_STRIPPING = YES;
				DEBUG_INFORMATION_FORMAT = "dwarf-with-dsym";
				DEVELOPMENT_TEAM = UES63D9K7E;
				ENABLE_HARDENED_RUNTIME = YES;
				ENABLE_STRICT_OBJC_MSGSEND = YES;
				GCC_NO_COMMON_BLOCKS = YES;
				GCC_PREPROCESSOR_DEFINITIONS = "ENABLE_BONJOUR=1";
				GCC_TREAT_IMPLICIT_FUNCTION_DECLARATIONS_AS_ERRORS = YES;
				GCC_TREAT_INCOMPATIBLE_POINTER_TYPE_WARNINGS_AS_ERRORS = YES;
				GCC_TREAT_WARNINGS_AS_ERRORS = YES;
				GCC_WARN_64_TO_32_BIT_CONVERSION = YES;
				GCC_WARN_ABOUT_MISSING_FIELD_INITIALIZERS = YES;
				GCC_WARN_ABOUT_MISSING_NEWLINE = YES;
				GCC_WARN_ABOUT_MISSING_PROTOTYPES = YES;
				GCC_WARN_ABOUT_RETURN_TYPE = YES_ERROR;
				GCC_WARN_FOUR_CHARACTER_CONSTANTS = YES;
				GCC_WARN_HIDDEN_VIRTUAL_FUNCTIONS = YES;
				GCC_WARN_INITIALIZER_NOT_FULLY_BRACKETED = YES;
				GCC_WARN_NON_VIRTUAL_DESTRUCTOR = YES;
				GCC_WARN_PEDANTIC = NO;
				GCC_WARN_SHADOW = YES;
				GCC_WARN_SIGN_COMPARE = YES;
				GCC_WARN_STRICT_SELECTOR_MATCH = YES;
				GCC_WARN_UNDECLARED_SELECTOR = YES;
				GCC_WARN_UNINITIALIZED_AUTOS = YES_AGGRESSIVE;
				GCC_WARN_UNKNOWN_PRAGMAS = YES;
				GCC_WARN_UNUSED_FUNCTION = YES;
				GCC_WARN_UNUSED_LABEL = YES;
				GCC_WARN_UNUSED_PARAMETER = YES;
				GCC_WARN_UNUSED_VARIABLE = YES;
				MACOSX_DEPLOYMENT_TARGET = 11.3;
				MARKETING_VERSION = 2.0.6;
				MTL_ENABLE_DEBUG_INFO = NO;
				MTL_FAST_MATH = YES;
				OTHER_CPLUSPLUSFLAGS = (
					"$(OTHER_CFLAGS)",
					"-Wno-inconsistent-missing-override",
				);
				SDKROOT = macosx11.3;
				VERSIONING_SYSTEM = "apple-generic";
			};
			name = "Release Bonjour";
		};
		D2B7FA781F02ABEF00F2D820 /* Release Bonjour */ = {
			isa = XCBuildConfiguration;
			buildSettings = {
				CODE_SIGN_IDENTITY = "Apple Development";
				"CODE_SIGN_IDENTITY[sdk=macosx*]" = "Developer ID Application";
				CODE_SIGN_STYLE = Manual;
				DEAD_CODE_STRIPPING = YES;
				DEFINES_MODULE = YES;
				DEVELOPMENT_TEAM = "";
				"DEVELOPMENT_TEAM[sdk=macosx*]" = UES63D9K7E;
				DYLIB_COMPATIBILITY_VERSION = 1;
				DYLIB_CURRENT_VERSION = 603;
				DYLIB_INSTALL_NAME_BASE = "@rpath";
				FRAMEWORK_VERSION = A;
				INFOPLIST_FILE = "$(SRCROOT)/SEDKernelInterface/Info.plist";
				INSTALL_PATH = "$(LOCAL_LIBRARY_DIR)/Frameworks";
				LD_RUNPATH_SEARCH_PATHS = "$(inherited) @executable_path/../Frameworks @loader_path/Frameworks";
				PRODUCT_BUNDLE_IDENTIFIER = com.brightplaza.SEDKernelInterface;
				PRODUCT_NAME = "$(TARGET_NAME)";
				PROVISIONING_PROFILE_SPECIFIER = "";
			};
			name = "Release Bonjour";
		};
		D2B7FA791F02ABEF00F2D820 /* Release Bonjour */ = {
			isa = XCBuildConfiguration;
			buildSettings = {
				DEAD_CODE_STRIPPING = YES;
				EXECUTABLE_PREFIX = lib;
				PRODUCT_NAME = "$(TARGET_NAME)";
			};
			name = "Release Bonjour";
		};
		D2B7FA7A1F02ABEF00F2D820 /* Release Bonjour */ = {
			isa = XCBuildConfiguration;
			buildSettings = {
				CLANG_WARN__EXIT_TIME_DESTRUCTORS = NO;
				CODE_SIGN_IDENTITY = "Developer ID Application: Bright Plaza, Inc. (UES63D9K7E)";
				"CODE_SIGN_IDENTITY[sdk=macosx*]" = "Developer ID Application: Bright Plaza, Inc. (UES63D9K7E)";
				CODE_SIGN_INJECT_BASE_ENTITLEMENTS = NO;
				CODE_SIGN_STYLE = Manual;
				DEAD_CODE_STRIPPING = YES;
				DEVELOPMENT_TEAM = UES63D9K7E;
				ENABLE_HARDENED_RUNTIME = YES;
				GCC_PREPROCESSOR_DEFINITIONS = (
					"SED_KERNEL=1",
					"TARGET_OS_OSX=1",
				);
				INFOPLIST_FILE = BrightPlazaTPer/Info.plist;
				INSTALL_PATH = /Library/Extensions;
				LD_GENERATE_MAP_FILE = YES;
				MODULE_NAME = com.brightplaza.BrightPlazaTPer;
				MODULE_VERSION = 626;
				OTHER_LDFLAGS = "\"-isysroot$(DEVELOPER_SDK_DIR)/MacOSX$(MACOSX_DEPLOYMENT_TARGET).sdk\"";
				PRODUCT_BUNDLE_IDENTIFIER = com.brightplaza.BrightPlazaTPer;
				PRODUCT_NAME = "$(TARGET_NAME)";
				PROVISIONING_PROFILE_SPECIFIER = "";
				RUN_CLANG_STATIC_ANALYZER = YES;
				WRAPPER_EXTENSION = kext;
			};
			name = "Release Bonjour";
		};
		D2B7FA7C1F02ABFA00F2D820 /* Release Bluetooth */ = {
			isa = XCBuildConfiguration;
			buildSettings = {
				ALWAYS_SEARCH_USER_PATHS = NO;
				ASSETCATALOG_COMPILER_APPICON_NAME = AppIcon;
				ASSETCATALOG_COMPILER_GLOBAL_ACCENT_COLOR_NAME = AccentColor;
				CLANG_ALLOW_NON_MODULAR_INCLUDES_IN_FRAMEWORK_MODULES = YES;
				CLANG_ANALYZER_GCD_PERFORMANCE = YES;
				CLANG_ANALYZER_LOCALIZABILITY_NONLOCALIZED = YES;
				CLANG_ANALYZER_NONNULL = YES;
				CLANG_ANALYZER_NUMBER_OBJECT_CONVERSION = YES_AGGRESSIVE;
				CLANG_ANALYZER_OSOBJECT_C_STYLE_CAST = YES;
				CLANG_ANALYZER_SECURITY_FLOATLOOPCOUNTER = YES;
				CLANG_ANALYZER_SECURITY_INSECUREAPI_RAND = YES;
				CLANG_ANALYZER_SECURITY_INSECUREAPI_STRCPY = YES;
				CLANG_CXX_LANGUAGE_STANDARD = "c++0x";
				CLANG_ENABLE_MODULES = YES;
				CLANG_ENABLE_OBJC_ARC = YES;
				CLANG_TIDY_BUGPRONE_REDUNDANT_BRANCH_CONDITION = YES;
				CLANG_TIDY_MISC_REDUNDANT_EXPRESSION = YES;
				CLANG_UNDEFINED_BEHAVIOR_SANITIZER_INTEGER = YES;
				CLANG_WARN_ASSIGN_ENUM = YES;
				CLANG_WARN_ATOMIC_IMPLICIT_SEQ_CST = YES;
				CLANG_WARN_BLOCK_CAPTURE_AUTORELEASING = YES;
				CLANG_WARN_BOOL_CONVERSION = YES;
				CLANG_WARN_COMMA = YES;
				CLANG_WARN_COMPLETION_HANDLER_MISUSE = YES;
				CLANG_WARN_CONSTANT_CONVERSION = YES;
				CLANG_WARN_CXX0X_EXTENSIONS = YES;
				CLANG_WARN_DEPRECATED_OBJC_IMPLEMENTATIONS = YES;
				CLANG_WARN_DIRECT_OBJC_ISA_USAGE = YES_ERROR;
				CLANG_WARN_DOCUMENTATION_COMMENTS = YES;
				CLANG_WARN_EMPTY_BODY = YES;
				CLANG_WARN_ENUM_CONVERSION = YES;
				CLANG_WARN_FRAMEWORK_INCLUDE_PRIVATE_FROM_PUBLIC = YES;
				CLANG_WARN_IMPLICIT_SIGN_CONVERSION = YES;
				CLANG_WARN_INFINITE_RECURSION = YES;
				CLANG_WARN_INT_CONVERSION = YES;
				CLANG_WARN_NULLABLE_TO_NONNULL_CONVERSION = YES;
				CLANG_WARN_OBJC_IMPLICIT_ATOMIC_PROPERTIES = YES;
				CLANG_WARN_OBJC_IMPLICIT_RETAIN_SELF = YES;
				CLANG_WARN_OBJC_INTERFACE_IVARS = YES;
				CLANG_WARN_OBJC_MISSING_PROPERTY_SYNTHESIS = YES;
				CLANG_WARN_OBJC_ROOT_CLASS = YES_ERROR;
				CLANG_WARN_QUOTED_INCLUDE_IN_FRAMEWORK_HEADER = NO;
				CLANG_WARN_RANGE_LOOP_ANALYSIS = YES;
				CLANG_WARN_SEMICOLON_BEFORE_METHOD_BODY = YES;
				CLANG_WARN_STRICT_PROTOTYPES = YES;
				CLANG_WARN_SUSPICIOUS_IMPLICIT_CONVERSION = YES;
				CLANG_WARN_SUSPICIOUS_MOVE = YES;
				CLANG_WARN_SUSPICIOUS_MOVES = YES;
				CLANG_WARN_UNGUARDED_AVAILABILITY = YES_AGGRESSIVE;
				CLANG_WARN_UNREACHABLE_CODE = YES;
				CLANG_WARN__DUPLICATE_METHOD_MATCH = YES;
				CLANG_WARN__EXIT_TIME_DESTRUCTORS = YES;
				CODE_SIGN_IDENTITY = "Apple Development";
				CODE_SIGN_STYLE = Automatic;
				COMBINE_HIDPI_IMAGES = YES;
				CURRENT_PROJECT_VERSION = 626;
				DEAD_CODE_STRIPPING = YES;
				DEBUG_INFORMATION_FORMAT = "dwarf-with-dsym";
				DEVELOPMENT_TEAM = UES63D9K7E;
				ENABLE_HARDENED_RUNTIME = YES;
				ENABLE_STRICT_OBJC_MSGSEND = YES;
				GCC_NO_COMMON_BLOCKS = YES;
				GCC_PREPROCESSOR_DEFINITIONS = "ENABLE_BLUETOOTH=1";
				GCC_TREAT_IMPLICIT_FUNCTION_DECLARATIONS_AS_ERRORS = YES;
				GCC_TREAT_INCOMPATIBLE_POINTER_TYPE_WARNINGS_AS_ERRORS = YES;
				GCC_TREAT_WARNINGS_AS_ERRORS = YES;
				GCC_WARN_64_TO_32_BIT_CONVERSION = YES;
				GCC_WARN_ABOUT_MISSING_FIELD_INITIALIZERS = YES;
				GCC_WARN_ABOUT_MISSING_NEWLINE = YES;
				GCC_WARN_ABOUT_MISSING_PROTOTYPES = YES;
				GCC_WARN_ABOUT_RETURN_TYPE = YES_ERROR;
				GCC_WARN_FOUR_CHARACTER_CONSTANTS = YES;
				GCC_WARN_HIDDEN_VIRTUAL_FUNCTIONS = YES;
				GCC_WARN_INITIALIZER_NOT_FULLY_BRACKETED = YES;
				GCC_WARN_NON_VIRTUAL_DESTRUCTOR = YES;
				GCC_WARN_PEDANTIC = NO;
				GCC_WARN_SHADOW = YES;
				GCC_WARN_SIGN_COMPARE = YES;
				GCC_WARN_STRICT_SELECTOR_MATCH = YES;
				GCC_WARN_UNDECLARED_SELECTOR = YES;
				GCC_WARN_UNINITIALIZED_AUTOS = YES_AGGRESSIVE;
				GCC_WARN_UNKNOWN_PRAGMAS = YES;
				GCC_WARN_UNUSED_FUNCTION = YES;
				GCC_WARN_UNUSED_LABEL = YES;
				GCC_WARN_UNUSED_PARAMETER = YES;
				GCC_WARN_UNUSED_VARIABLE = YES;
				MACOSX_DEPLOYMENT_TARGET = 11.3;
				MARKETING_VERSION = 2.0.6;
				MTL_ENABLE_DEBUG_INFO = NO;
				MTL_FAST_MATH = YES;
				OTHER_CPLUSPLUSFLAGS = (
					"$(OTHER_CFLAGS)",
					"-Wno-inconsistent-missing-override",
				);
				SDKROOT = macosx11.3;
				VERSIONING_SYSTEM = "apple-generic";
			};
			name = "Release Bluetooth";
		};
		D2B7FA7D1F02ABFA00F2D820 /* Release Bluetooth */ = {
			isa = XCBuildConfiguration;
			buildSettings = {
				CODE_SIGN_IDENTITY = "Apple Development";
				"CODE_SIGN_IDENTITY[sdk=macosx*]" = "Developer ID Application";
				CODE_SIGN_STYLE = Manual;
				DEAD_CODE_STRIPPING = YES;
				DEFINES_MODULE = YES;
				DEVELOPMENT_TEAM = "";
				"DEVELOPMENT_TEAM[sdk=macosx*]" = UES63D9K7E;
				DYLIB_COMPATIBILITY_VERSION = 1;
				DYLIB_CURRENT_VERSION = 603;
				DYLIB_INSTALL_NAME_BASE = "@rpath";
				FRAMEWORK_VERSION = A;
				INFOPLIST_FILE = "$(SRCROOT)/SEDKernelInterface/Info.plist";
				INSTALL_PATH = "$(LOCAL_LIBRARY_DIR)/Frameworks";
				LD_RUNPATH_SEARCH_PATHS = "$(inherited) @executable_path/../Frameworks @loader_path/Frameworks";
				PRODUCT_BUNDLE_IDENTIFIER = com.brightplaza.SEDKernelInterface;
				PRODUCT_NAME = "$(TARGET_NAME)";
				PROVISIONING_PROFILE_SPECIFIER = "";
			};
			name = "Release Bluetooth";
		};
		D2B7FA7E1F02ABFA00F2D820 /* Release Bluetooth */ = {
			isa = XCBuildConfiguration;
			buildSettings = {
				DEAD_CODE_STRIPPING = YES;
				EXECUTABLE_PREFIX = lib;
				PRODUCT_NAME = "$(TARGET_NAME)";
			};
			name = "Release Bluetooth";
		};
		D2B7FA7F1F02ABFA00F2D820 /* Release Bluetooth */ = {
			isa = XCBuildConfiguration;
			buildSettings = {
				CLANG_WARN__EXIT_TIME_DESTRUCTORS = NO;
				CODE_SIGN_IDENTITY = "Developer ID Application: Bright Plaza, Inc. (UES63D9K7E)";
				"CODE_SIGN_IDENTITY[sdk=macosx*]" = "Developer ID Application: Bright Plaza, Inc. (UES63D9K7E)";
				CODE_SIGN_INJECT_BASE_ENTITLEMENTS = NO;
				CODE_SIGN_STYLE = Manual;
				DEAD_CODE_STRIPPING = YES;
				DEVELOPMENT_TEAM = UES63D9K7E;
				ENABLE_HARDENED_RUNTIME = YES;
				GCC_PREPROCESSOR_DEFINITIONS = (
					"SED_KERNEL=1",
					"TARGET_OS_OSX=1",
				);
				INFOPLIST_FILE = BrightPlazaTPer/Info.plist;
				INSTALL_PATH = /Library/Extensions;
				LD_GENERATE_MAP_FILE = YES;
				MODULE_NAME = com.brightplaza.BrightPlazaTPer;
				MODULE_VERSION = 626;
				OTHER_LDFLAGS = "\"-isysroot$(DEVELOPER_SDK_DIR)/MacOSX$(MACOSX_DEPLOYMENT_TARGET).sdk\"";
				PRODUCT_BUNDLE_IDENTIFIER = com.brightplaza.BrightPlazaTPer;
				PRODUCT_NAME = "$(TARGET_NAME)";
				PROVISIONING_PROFILE_SPECIFIER = "";
				RUN_CLANG_STATIC_ANALYZER = YES;
				WRAPPER_EXTENSION = kext;
			};
			name = "Release Bluetooth";
		};
		D2B7FA811F02AC1000F2D820 /* Release Bonjour and Bluetooth */ = {
			isa = XCBuildConfiguration;
			buildSettings = {
				ALWAYS_SEARCH_USER_PATHS = NO;
				ASSETCATALOG_COMPILER_APPICON_NAME = AppIcon;
				ASSETCATALOG_COMPILER_GLOBAL_ACCENT_COLOR_NAME = AccentColor;
				CLANG_ALLOW_NON_MODULAR_INCLUDES_IN_FRAMEWORK_MODULES = YES;
				CLANG_ANALYZER_GCD_PERFORMANCE = YES;
				CLANG_ANALYZER_LOCALIZABILITY_NONLOCALIZED = YES;
				CLANG_ANALYZER_NONNULL = YES;
				CLANG_ANALYZER_NUMBER_OBJECT_CONVERSION = YES_AGGRESSIVE;
				CLANG_ANALYZER_OSOBJECT_C_STYLE_CAST = YES;
				CLANG_ANALYZER_SECURITY_FLOATLOOPCOUNTER = YES;
				CLANG_ANALYZER_SECURITY_INSECUREAPI_RAND = YES;
				CLANG_ANALYZER_SECURITY_INSECUREAPI_STRCPY = YES;
				CLANG_CXX_LANGUAGE_STANDARD = "c++0x";
				CLANG_ENABLE_MODULES = YES;
				CLANG_ENABLE_OBJC_ARC = YES;
				CLANG_TIDY_BUGPRONE_REDUNDANT_BRANCH_CONDITION = YES;
				CLANG_TIDY_MISC_REDUNDANT_EXPRESSION = YES;
				CLANG_UNDEFINED_BEHAVIOR_SANITIZER_INTEGER = YES;
				CLANG_WARN_ASSIGN_ENUM = YES;
				CLANG_WARN_ATOMIC_IMPLICIT_SEQ_CST = YES;
				CLANG_WARN_BLOCK_CAPTURE_AUTORELEASING = YES;
				CLANG_WARN_BOOL_CONVERSION = YES;
				CLANG_WARN_COMMA = YES;
				CLANG_WARN_COMPLETION_HANDLER_MISUSE = YES;
				CLANG_WARN_CONSTANT_CONVERSION = YES;
				CLANG_WARN_CXX0X_EXTENSIONS = YES;
				CLANG_WARN_DEPRECATED_OBJC_IMPLEMENTATIONS = YES;
				CLANG_WARN_DIRECT_OBJC_ISA_USAGE = YES_ERROR;
				CLANG_WARN_DOCUMENTATION_COMMENTS = YES;
				CLANG_WARN_EMPTY_BODY = YES;
				CLANG_WARN_ENUM_CONVERSION = YES;
				CLANG_WARN_FRAMEWORK_INCLUDE_PRIVATE_FROM_PUBLIC = YES;
				CLANG_WARN_IMPLICIT_SIGN_CONVERSION = YES;
				CLANG_WARN_INFINITE_RECURSION = YES;
				CLANG_WARN_INT_CONVERSION = YES;
				CLANG_WARN_NULLABLE_TO_NONNULL_CONVERSION = YES;
				CLANG_WARN_OBJC_IMPLICIT_ATOMIC_PROPERTIES = YES;
				CLANG_WARN_OBJC_IMPLICIT_RETAIN_SELF = YES;
				CLANG_WARN_OBJC_INTERFACE_IVARS = YES;
				CLANG_WARN_OBJC_MISSING_PROPERTY_SYNTHESIS = YES;
				CLANG_WARN_OBJC_ROOT_CLASS = YES_ERROR;
				CLANG_WARN_QUOTED_INCLUDE_IN_FRAMEWORK_HEADER = NO;
				CLANG_WARN_RANGE_LOOP_ANALYSIS = YES;
				CLANG_WARN_SEMICOLON_BEFORE_METHOD_BODY = YES;
				CLANG_WARN_STRICT_PROTOTYPES = YES;
				CLANG_WARN_SUSPICIOUS_IMPLICIT_CONVERSION = YES;
				CLANG_WARN_SUSPICIOUS_MOVE = YES;
				CLANG_WARN_SUSPICIOUS_MOVES = YES;
				CLANG_WARN_UNGUARDED_AVAILABILITY = YES_AGGRESSIVE;
				CLANG_WARN_UNREACHABLE_CODE = YES;
				CLANG_WARN__DUPLICATE_METHOD_MATCH = YES;
				CLANG_WARN__EXIT_TIME_DESTRUCTORS = YES;
				CODE_SIGN_IDENTITY = "Apple Development";
				CODE_SIGN_STYLE = Automatic;
				COMBINE_HIDPI_IMAGES = YES;
				CURRENT_PROJECT_VERSION = 626;
				DEAD_CODE_STRIPPING = YES;
				DEBUG_INFORMATION_FORMAT = "dwarf-with-dsym";
				DEVELOPMENT_TEAM = UES63D9K7E;
				ENABLE_HARDENED_RUNTIME = YES;
				ENABLE_STRICT_OBJC_MSGSEND = YES;
				GCC_NO_COMMON_BLOCKS = YES;
				GCC_PREPROCESSOR_DEFINITIONS = (
					"ENABLE_BONJOUR=1",
					"ENABLE_BLUETOOTH=1",
				);
				GCC_TREAT_IMPLICIT_FUNCTION_DECLARATIONS_AS_ERRORS = YES;
				GCC_TREAT_INCOMPATIBLE_POINTER_TYPE_WARNINGS_AS_ERRORS = YES;
				GCC_TREAT_WARNINGS_AS_ERRORS = YES;
				GCC_WARN_64_TO_32_BIT_CONVERSION = YES;
				GCC_WARN_ABOUT_MISSING_FIELD_INITIALIZERS = YES;
				GCC_WARN_ABOUT_MISSING_NEWLINE = YES;
				GCC_WARN_ABOUT_MISSING_PROTOTYPES = YES;
				GCC_WARN_ABOUT_RETURN_TYPE = YES_ERROR;
				GCC_WARN_FOUR_CHARACTER_CONSTANTS = YES;
				GCC_WARN_HIDDEN_VIRTUAL_FUNCTIONS = YES;
				GCC_WARN_INITIALIZER_NOT_FULLY_BRACKETED = YES;
				GCC_WARN_NON_VIRTUAL_DESTRUCTOR = YES;
				GCC_WARN_PEDANTIC = NO;
				GCC_WARN_SHADOW = YES;
				GCC_WARN_SIGN_COMPARE = YES;
				GCC_WARN_STRICT_SELECTOR_MATCH = YES;
				GCC_WARN_UNDECLARED_SELECTOR = YES;
				GCC_WARN_UNINITIALIZED_AUTOS = YES_AGGRESSIVE;
				GCC_WARN_UNKNOWN_PRAGMAS = YES;
				GCC_WARN_UNUSED_FUNCTION = YES;
				GCC_WARN_UNUSED_LABEL = YES;
				GCC_WARN_UNUSED_PARAMETER = YES;
				GCC_WARN_UNUSED_VARIABLE = YES;
				MACOSX_DEPLOYMENT_TARGET = 11.3;
				MARKETING_VERSION = 2.0.6;
				MTL_ENABLE_DEBUG_INFO = NO;
				MTL_FAST_MATH = YES;
				OTHER_CPLUSPLUSFLAGS = (
					"$(OTHER_CFLAGS)",
					"-Wno-inconsistent-missing-override",
				);
				SDKROOT = macosx11.3;
				VERSIONING_SYSTEM = "apple-generic";
			};
			name = "Release Bonjour and Bluetooth";
		};
		D2B7FA821F02AC1000F2D820 /* Release Bonjour and Bluetooth */ = {
			isa = XCBuildConfiguration;
			buildSettings = {
				CODE_SIGN_IDENTITY = "Apple Development";
				"CODE_SIGN_IDENTITY[sdk=macosx*]" = "Developer ID Application";
				CODE_SIGN_STYLE = Manual;
				DEAD_CODE_STRIPPING = YES;
				DEFINES_MODULE = YES;
				DEVELOPMENT_TEAM = "";
				"DEVELOPMENT_TEAM[sdk=macosx*]" = UES63D9K7E;
				DYLIB_COMPATIBILITY_VERSION = 1;
				DYLIB_CURRENT_VERSION = 603;
				DYLIB_INSTALL_NAME_BASE = "@rpath";
				FRAMEWORK_VERSION = A;
				INFOPLIST_FILE = "$(SRCROOT)/SEDKernelInterface/Info.plist";
				INSTALL_PATH = "$(LOCAL_LIBRARY_DIR)/Frameworks";
				LD_RUNPATH_SEARCH_PATHS = "$(inherited) @executable_path/../Frameworks @loader_path/Frameworks";
				PRODUCT_BUNDLE_IDENTIFIER = com.brightplaza.SEDKernelInterface;
				PRODUCT_NAME = "$(TARGET_NAME)";
				PROVISIONING_PROFILE_SPECIFIER = "";
			};
			name = "Release Bonjour and Bluetooth";
		};
		D2B7FA831F02AC1000F2D820 /* Release Bonjour and Bluetooth */ = {
			isa = XCBuildConfiguration;
			buildSettings = {
				DEAD_CODE_STRIPPING = YES;
				EXECUTABLE_PREFIX = lib;
				PRODUCT_NAME = "$(TARGET_NAME)";
			};
			name = "Release Bonjour and Bluetooth";
		};
		D2B7FA841F02AC1000F2D820 /* Release Bonjour and Bluetooth */ = {
			isa = XCBuildConfiguration;
			buildSettings = {
				CLANG_WARN__EXIT_TIME_DESTRUCTORS = NO;
				CODE_SIGN_IDENTITY = "Developer ID Application: Bright Plaza, Inc. (UES63D9K7E)";
				"CODE_SIGN_IDENTITY[sdk=macosx*]" = "Developer ID Application: Bright Plaza, Inc. (UES63D9K7E)";
				CODE_SIGN_INJECT_BASE_ENTITLEMENTS = NO;
				CODE_SIGN_STYLE = Manual;
				DEAD_CODE_STRIPPING = YES;
				DEVELOPMENT_TEAM = UES63D9K7E;
				ENABLE_HARDENED_RUNTIME = YES;
				GCC_PREPROCESSOR_DEFINITIONS = (
					"SED_KERNEL=1",
					"TARGET_OS_OSX=1",
				);
				INFOPLIST_FILE = BrightPlazaTPer/Info.plist;
				INSTALL_PATH = /Library/Extensions;
				LD_GENERATE_MAP_FILE = YES;
				MODULE_NAME = com.brightplaza.BrightPlazaTPer;
				MODULE_VERSION = 626;
				OTHER_LDFLAGS = "\"-isysroot$(DEVELOPER_SDK_DIR)/MacOSX$(MACOSX_DEPLOYMENT_TARGET).sdk\"";
				PRODUCT_BUNDLE_IDENTIFIER = com.brightplaza.BrightPlazaTPer;
				PRODUCT_NAME = "$(TARGET_NAME)";
				PROVISIONING_PROFILE_SPECIFIER = "";
				RUN_CLANG_STATIC_ANALYZER = YES;
				WRAPPER_EXTENSION = kext;
			};
			name = "Release Bonjour and Bluetooth";
		};
		D2BD8F591F02016B00747F4A /* Debug */ = {
			isa = XCBuildConfiguration;
			buildSettings = {
				ALWAYS_SEARCH_USER_PATHS = NO;
				ASSETCATALOG_COMPILER_APPICON_NAME = AppIcon;
				ASSETCATALOG_COMPILER_GLOBAL_ACCENT_COLOR_NAME = AccentColor;
				CLANG_ALLOW_NON_MODULAR_INCLUDES_IN_FRAMEWORK_MODULES = YES;
				CLANG_ANALYZER_GCD_PERFORMANCE = YES;
				CLANG_ANALYZER_LOCALIZABILITY_NONLOCALIZED = YES;
				CLANG_ANALYZER_NONNULL = YES;
				CLANG_ANALYZER_NUMBER_OBJECT_CONVERSION = YES_AGGRESSIVE;
				CLANG_ANALYZER_OSOBJECT_C_STYLE_CAST = YES;
				CLANG_ANALYZER_SECURITY_FLOATLOOPCOUNTER = YES;
				CLANG_ANALYZER_SECURITY_INSECUREAPI_RAND = YES;
				CLANG_ANALYZER_SECURITY_INSECUREAPI_STRCPY = YES;
				CLANG_CXX_LANGUAGE_STANDARD = "c++0x";
				CLANG_ENABLE_MODULES = YES;
				CLANG_ENABLE_OBJC_ARC = YES;
				CLANG_TIDY_BUGPRONE_REDUNDANT_BRANCH_CONDITION = YES;
				CLANG_TIDY_MISC_REDUNDANT_EXPRESSION = YES;
				CLANG_UNDEFINED_BEHAVIOR_SANITIZER_INTEGER = YES;
				CLANG_WARN_ASSIGN_ENUM = YES;
				CLANG_WARN_ATOMIC_IMPLICIT_SEQ_CST = YES;
				CLANG_WARN_BLOCK_CAPTURE_AUTORELEASING = YES;
				CLANG_WARN_BOOL_CONVERSION = YES;
				CLANG_WARN_COMMA = YES;
				CLANG_WARN_COMPLETION_HANDLER_MISUSE = YES;
				CLANG_WARN_CONSTANT_CONVERSION = YES;
				CLANG_WARN_CXX0X_EXTENSIONS = YES;
				CLANG_WARN_DEPRECATED_OBJC_IMPLEMENTATIONS = YES;
				CLANG_WARN_DIRECT_OBJC_ISA_USAGE = YES_ERROR;
				CLANG_WARN_DOCUMENTATION_COMMENTS = YES;
				CLANG_WARN_EMPTY_BODY = YES;
				CLANG_WARN_ENUM_CONVERSION = YES;
				CLANG_WARN_FRAMEWORK_INCLUDE_PRIVATE_FROM_PUBLIC = YES;
				CLANG_WARN_IMPLICIT_SIGN_CONVERSION = YES;
				CLANG_WARN_INFINITE_RECURSION = YES;
				CLANG_WARN_INT_CONVERSION = YES;
				CLANG_WARN_NULLABLE_TO_NONNULL_CONVERSION = YES;
				CLANG_WARN_OBJC_IMPLICIT_ATOMIC_PROPERTIES = YES;
				CLANG_WARN_OBJC_IMPLICIT_RETAIN_SELF = YES;
				CLANG_WARN_OBJC_INTERFACE_IVARS = YES;
				CLANG_WARN_OBJC_MISSING_PROPERTY_SYNTHESIS = YES;
				CLANG_WARN_OBJC_ROOT_CLASS = YES_ERROR;
				CLANG_WARN_QUOTED_INCLUDE_IN_FRAMEWORK_HEADER = NO;
				CLANG_WARN_RANGE_LOOP_ANALYSIS = YES;
				CLANG_WARN_SEMICOLON_BEFORE_METHOD_BODY = YES;
				CLANG_WARN_STRICT_PROTOTYPES = YES;
				CLANG_WARN_SUSPICIOUS_IMPLICIT_CONVERSION = YES;
				CLANG_WARN_SUSPICIOUS_MOVE = YES;
				CLANG_WARN_SUSPICIOUS_MOVES = YES;
				CLANG_WARN_UNGUARDED_AVAILABILITY = YES_AGGRESSIVE;
				CLANG_WARN_UNREACHABLE_CODE = YES;
				CLANG_WARN__DUPLICATE_METHOD_MATCH = YES;
				CLANG_WARN__EXIT_TIME_DESTRUCTORS = YES;
				CODE_SIGN_IDENTITY = "Apple Development";
				CODE_SIGN_STYLE = Automatic;
				COMBINE_HIDPI_IMAGES = YES;
				CURRENT_PROJECT_VERSION = 625;
				DEAD_CODE_STRIPPING = YES;
				DEBUG_INFORMATION_FORMAT = dwarf;
				DEVELOPMENT_TEAM = UES63D9K7E;
				ENABLE_HARDENED_RUNTIME = YES;
				ENABLE_STRICT_OBJC_MSGSEND = YES;
				ENABLE_TESTABILITY = YES;
				GCC_NO_COMMON_BLOCKS = YES;
				GCC_OPTIMIZATION_LEVEL = 0;
				GCC_PREPROCESSOR_DEFINITIONS = "DEBUG=1";
				GCC_TREAT_IMPLICIT_FUNCTION_DECLARATIONS_AS_ERRORS = YES;
				GCC_TREAT_INCOMPATIBLE_POINTER_TYPE_WARNINGS_AS_ERRORS = YES;
				GCC_TREAT_WARNINGS_AS_ERRORS = YES;
				GCC_WARN_64_TO_32_BIT_CONVERSION = YES;
				GCC_WARN_ABOUT_MISSING_FIELD_INITIALIZERS = YES;
				GCC_WARN_ABOUT_MISSING_NEWLINE = YES;
				GCC_WARN_ABOUT_MISSING_PROTOTYPES = YES;
				GCC_WARN_ABOUT_RETURN_TYPE = YES_ERROR;
				GCC_WARN_FOUR_CHARACTER_CONSTANTS = YES;
				GCC_WARN_HIDDEN_VIRTUAL_FUNCTIONS = YES;
				GCC_WARN_INITIALIZER_NOT_FULLY_BRACKETED = YES;
				GCC_WARN_NON_VIRTUAL_DESTRUCTOR = YES;
				GCC_WARN_PEDANTIC = NO;
				GCC_WARN_SHADOW = YES;
				GCC_WARN_SIGN_COMPARE = YES;
				GCC_WARN_STRICT_SELECTOR_MATCH = YES;
				GCC_WARN_UNDECLARED_SELECTOR = YES;
				GCC_WARN_UNINITIALIZED_AUTOS = YES_AGGRESSIVE;
				GCC_WARN_UNKNOWN_PRAGMAS = YES;
				GCC_WARN_UNUSED_FUNCTION = YES;
				GCC_WARN_UNUSED_LABEL = YES;
				GCC_WARN_UNUSED_PARAMETER = YES;
				GCC_WARN_UNUSED_VARIABLE = YES;
				MACOSX_DEPLOYMENT_TARGET = 11.3;
				MARKETING_VERSION = 2.0.5;
				MTL_ENABLE_DEBUG_INFO = YES;
				MTL_FAST_MATH = YES;
				ONLY_ACTIVE_ARCH = YES;
				OTHER_CPLUSPLUSFLAGS = (
					"$(OTHER_CFLAGS)",
					"-Wno-inconsistent-missing-override",
				);
				SDKROOT = macosx11.3;
				VERSIONING_SYSTEM = "apple-generic";
				WARNING_CFLAGS = "-Wall";
			};
			name = Debug;
		};
		D2BD8F5A1F02016B00747F4A /* Release */ = {
			isa = XCBuildConfiguration;
			buildSettings = {
				ALWAYS_SEARCH_USER_PATHS = NO;
				ASSETCATALOG_COMPILER_APPICON_NAME = AppIcon;
				ASSETCATALOG_COMPILER_GLOBAL_ACCENT_COLOR_NAME = AccentColor;
				CLANG_ALLOW_NON_MODULAR_INCLUDES_IN_FRAMEWORK_MODULES = YES;
				CLANG_ANALYZER_GCD_PERFORMANCE = YES;
				CLANG_ANALYZER_LOCALIZABILITY_NONLOCALIZED = YES;
				CLANG_ANALYZER_NONNULL = YES;
				CLANG_ANALYZER_NUMBER_OBJECT_CONVERSION = YES_AGGRESSIVE;
				CLANG_ANALYZER_OSOBJECT_C_STYLE_CAST = YES;
				CLANG_ANALYZER_SECURITY_FLOATLOOPCOUNTER = YES;
				CLANG_ANALYZER_SECURITY_INSECUREAPI_RAND = YES;
				CLANG_ANALYZER_SECURITY_INSECUREAPI_STRCPY = YES;
				CLANG_CXX_LANGUAGE_STANDARD = "c++0x";
				CLANG_ENABLE_MODULES = YES;
				CLANG_ENABLE_OBJC_ARC = YES;
				CLANG_TIDY_BUGPRONE_REDUNDANT_BRANCH_CONDITION = YES;
				CLANG_TIDY_MISC_REDUNDANT_EXPRESSION = YES;
				CLANG_UNDEFINED_BEHAVIOR_SANITIZER_INTEGER = YES;
				CLANG_WARN_ASSIGN_ENUM = YES;
				CLANG_WARN_ATOMIC_IMPLICIT_SEQ_CST = YES;
				CLANG_WARN_BLOCK_CAPTURE_AUTORELEASING = YES;
				CLANG_WARN_BOOL_CONVERSION = YES;
				CLANG_WARN_COMMA = YES;
				CLANG_WARN_COMPLETION_HANDLER_MISUSE = YES;
				CLANG_WARN_CONSTANT_CONVERSION = YES;
				CLANG_WARN_CXX0X_EXTENSIONS = YES;
				CLANG_WARN_DEPRECATED_OBJC_IMPLEMENTATIONS = YES;
				CLANG_WARN_DIRECT_OBJC_ISA_USAGE = YES_ERROR;
				CLANG_WARN_DOCUMENTATION_COMMENTS = YES;
				CLANG_WARN_EMPTY_BODY = YES;
				CLANG_WARN_ENUM_CONVERSION = YES;
				CLANG_WARN_FRAMEWORK_INCLUDE_PRIVATE_FROM_PUBLIC = YES;
				CLANG_WARN_IMPLICIT_SIGN_CONVERSION = YES;
				CLANG_WARN_INFINITE_RECURSION = YES;
				CLANG_WARN_INT_CONVERSION = YES;
				CLANG_WARN_NULLABLE_TO_NONNULL_CONVERSION = YES;
				CLANG_WARN_OBJC_IMPLICIT_ATOMIC_PROPERTIES = YES;
				CLANG_WARN_OBJC_IMPLICIT_RETAIN_SELF = YES;
				CLANG_WARN_OBJC_INTERFACE_IVARS = YES;
				CLANG_WARN_OBJC_MISSING_PROPERTY_SYNTHESIS = YES;
				CLANG_WARN_OBJC_ROOT_CLASS = YES_ERROR;
				CLANG_WARN_QUOTED_INCLUDE_IN_FRAMEWORK_HEADER = NO;
				CLANG_WARN_RANGE_LOOP_ANALYSIS = YES;
				CLANG_WARN_SEMICOLON_BEFORE_METHOD_BODY = YES;
				CLANG_WARN_STRICT_PROTOTYPES = YES;
				CLANG_WARN_SUSPICIOUS_IMPLICIT_CONVERSION = YES;
				CLANG_WARN_SUSPICIOUS_MOVE = YES;
				CLANG_WARN_SUSPICIOUS_MOVES = YES;
				CLANG_WARN_UNGUARDED_AVAILABILITY = YES_AGGRESSIVE;
				CLANG_WARN_UNREACHABLE_CODE = YES;
				CLANG_WARN__DUPLICATE_METHOD_MATCH = YES;
				CLANG_WARN__EXIT_TIME_DESTRUCTORS = YES;
				CODE_SIGN_IDENTITY = "Apple Development";
				CODE_SIGN_STYLE = Automatic;
				COMBINE_HIDPI_IMAGES = YES;
				CURRENT_PROJECT_VERSION = 626;
				DEAD_CODE_STRIPPING = YES;
				DEBUG_INFORMATION_FORMAT = "dwarf-with-dsym";
				DEVELOPMENT_TEAM = UES63D9K7E;
				ENABLE_HARDENED_RUNTIME = YES;
				ENABLE_STRICT_OBJC_MSGSEND = YES;
				GCC_NO_COMMON_BLOCKS = YES;
				GCC_TREAT_IMPLICIT_FUNCTION_DECLARATIONS_AS_ERRORS = YES;
				GCC_TREAT_INCOMPATIBLE_POINTER_TYPE_WARNINGS_AS_ERRORS = YES;
				GCC_TREAT_WARNINGS_AS_ERRORS = YES;
				GCC_WARN_64_TO_32_BIT_CONVERSION = YES;
				GCC_WARN_ABOUT_MISSING_FIELD_INITIALIZERS = YES;
				GCC_WARN_ABOUT_MISSING_NEWLINE = YES;
				GCC_WARN_ABOUT_MISSING_PROTOTYPES = YES;
				GCC_WARN_ABOUT_RETURN_TYPE = YES_ERROR;
				GCC_WARN_FOUR_CHARACTER_CONSTANTS = YES;
				GCC_WARN_HIDDEN_VIRTUAL_FUNCTIONS = YES;
				GCC_WARN_INITIALIZER_NOT_FULLY_BRACKETED = YES;
				GCC_WARN_NON_VIRTUAL_DESTRUCTOR = YES;
				GCC_WARN_PEDANTIC = NO;
				GCC_WARN_SHADOW = YES;
				GCC_WARN_SIGN_COMPARE = YES;
				GCC_WARN_STRICT_SELECTOR_MATCH = YES;
				GCC_WARN_UNDECLARED_SELECTOR = YES;
				GCC_WARN_UNINITIALIZED_AUTOS = YES_AGGRESSIVE;
				GCC_WARN_UNKNOWN_PRAGMAS = YES;
				GCC_WARN_UNUSED_FUNCTION = YES;
				GCC_WARN_UNUSED_LABEL = YES;
				GCC_WARN_UNUSED_PARAMETER = YES;
				GCC_WARN_UNUSED_VARIABLE = YES;
				MACOSX_DEPLOYMENT_TARGET = 11.3;
				MARKETING_VERSION = 2.0.6;
				MTL_ENABLE_DEBUG_INFO = NO;
				MTL_FAST_MATH = YES;
				OTHER_CPLUSPLUSFLAGS = (
					"$(OTHER_CFLAGS)",
					"-Wno-inconsistent-missing-override",
				);
				SDKROOT = macosx11.3;
				VERSIONING_SYSTEM = "apple-generic";
			};
			name = Release;
		};
		D2BD8F671F02017B00747F4A /* Debug */ = {
			isa = XCBuildConfiguration;
			buildSettings = {
				CODE_SIGN_IDENTITY = "Apple Development";
				"CODE_SIGN_IDENTITY[sdk=macosx*]" = "Developer ID Application";
				CODE_SIGN_STYLE = Manual;
				DEAD_CODE_STRIPPING = YES;
				DEFINES_MODULE = YES;
				DEVELOPMENT_TEAM = "";
				"DEVELOPMENT_TEAM[sdk=macosx*]" = UES63D9K7E;
				DYLIB_COMPATIBILITY_VERSION = 1;
				DYLIB_CURRENT_VERSION = 603;
				DYLIB_INSTALL_NAME_BASE = "@rpath";
				FRAMEWORK_VERSION = A;
				INFOPLIST_FILE = "$(SRCROOT)/SEDKernelInterface/Info.plist";
				INSTALL_PATH = "$(LOCAL_LIBRARY_DIR)/Frameworks";
				LD_RUNPATH_SEARCH_PATHS = "$(inherited) @executable_path/../Frameworks @loader_path/Frameworks";
				PRODUCT_BUNDLE_IDENTIFIER = com.brightplaza.SEDKernelInterface;
				PRODUCT_NAME = "$(TARGET_NAME)";
				PROVISIONING_PROFILE_SPECIFIER = "";
			};
			name = Debug;
		};
		D2BD8F681F02017B00747F4A /* Release */ = {
			isa = XCBuildConfiguration;
			buildSettings = {
				CODE_SIGN_IDENTITY = "Apple Development";
				"CODE_SIGN_IDENTITY[sdk=macosx*]" = "Developer ID Application";
				CODE_SIGN_STYLE = Manual;
				DEAD_CODE_STRIPPING = YES;
				DEFINES_MODULE = YES;
				DEVELOPMENT_TEAM = "";
				"DEVELOPMENT_TEAM[sdk=macosx*]" = UES63D9K7E;
				DYLIB_COMPATIBILITY_VERSION = 1;
				DYLIB_CURRENT_VERSION = 603;
				DYLIB_INSTALL_NAME_BASE = "@rpath";
				FRAMEWORK_VERSION = A;
				INFOPLIST_FILE = "$(SRCROOT)/SEDKernelInterface/Info.plist";
				INSTALL_PATH = "$(LOCAL_LIBRARY_DIR)/Frameworks";
				LD_RUNPATH_SEARCH_PATHS = "$(inherited) @executable_path/../Frameworks @loader_path/Frameworks";
				PRODUCT_BUNDLE_IDENTIFIER = com.brightplaza.SEDKernelInterface;
				PRODUCT_NAME = "$(TARGET_NAME)";
				PROVISIONING_PROFILE_SPECIFIER = "";
			};
			name = Release;
		};
		D2BD8F951F0205F900747F4A /* Debug */ = {
			isa = XCBuildConfiguration;
			buildSettings = {
				DEAD_CODE_STRIPPING = YES;
				EXECUTABLE_PREFIX = lib;
				PRODUCT_NAME = "$(TARGET_NAME)";
			};
			name = Debug;
		};
		D2BD8F961F0205F900747F4A /* Release */ = {
			isa = XCBuildConfiguration;
			buildSettings = {
				DEAD_CODE_STRIPPING = YES;
				EXECUTABLE_PREFIX = lib;
				PRODUCT_NAME = "$(TARGET_NAME)";
			};
			name = Release;
		};
		D2BD8FA71F0207AF00747F4A /* Debug */ = {
			isa = XCBuildConfiguration;
			buildSettings = {
				CLANG_WARN__EXIT_TIME_DESTRUCTORS = NO;
				CODE_SIGN_IDENTITY = "Developer ID Application: Bright Plaza, Inc. (UES63D9K7E)";
				"CODE_SIGN_IDENTITY[sdk=macosx*]" = "Developer ID Application: Bright Plaza, Inc. (UES63D9K7E)";
				CODE_SIGN_INJECT_BASE_ENTITLEMENTS = NO;
				CODE_SIGN_STYLE = Manual;
				DEAD_CODE_STRIPPING = YES;
				DEVELOPMENT_TEAM = UES63D9K7E;
				ENABLE_HARDENED_RUNTIME = YES;
				GCC_PREPROCESSOR_DEFINITIONS = (
					"SED_KERNEL=1",
					"DEBUG=1",
					"DRIVER_DEBUG=1",
					"TARGET_OS_OSX=1",
				);
				INFOPLIST_FILE = BrightPlazaTPer/DebugInfo.plist;
				INSTALL_PATH = /Library/Extensions;
				LD_GENERATE_MAP_FILE = YES;
				MODULE_NAME = com.brightplaza.BrightPlazaTPer;
				MODULE_VERSION = 625;
				OTHER_LDFLAGS = "\"-isysroot$(DEVELOPER_SDK_DIR)/MacOSX$(MACOSX_DEPLOYMENT_TARGET).sdk\"";
				PRODUCT_BUNDLE_IDENTIFIER = com.brightplaza.BrightPlazaTPer;
				PRODUCT_NAME = "$(TARGET_NAME)";
				PROVISIONING_PROFILE_SPECIFIER = "";
				RUN_CLANG_STATIC_ANALYZER = YES;
				WRAPPER_EXTENSION = kext;
			};
			name = Debug;
		};
		D2BD8FA81F0207AF00747F4A /* Release */ = {
			isa = XCBuildConfiguration;
			buildSettings = {
				CLANG_WARN__EXIT_TIME_DESTRUCTORS = NO;
				CODE_SIGN_IDENTITY = "Developer ID Application: Bright Plaza, Inc. (UES63D9K7E)";
				"CODE_SIGN_IDENTITY[sdk=macosx*]" = "Developer ID Application: Bright Plaza, Inc. (UES63D9K7E)";
				CODE_SIGN_INJECT_BASE_ENTITLEMENTS = NO;
				CODE_SIGN_STYLE = Manual;
				DEAD_CODE_STRIPPING = YES;
				DEVELOPMENT_TEAM = UES63D9K7E;
				ENABLE_HARDENED_RUNTIME = YES;
				GCC_PREPROCESSOR_DEFINITIONS = (
					"SED_KERNEL=1",
					"TARGET_OS_OSX=1",
				);
				INFOPLIST_FILE = BrightPlazaTPer/Info.plist;
				INSTALL_PATH = /Library/Extensions;
				LD_GENERATE_MAP_FILE = YES;
				MODULE_NAME = com.brightplaza.BrightPlazaTPer;
				MODULE_VERSION = 626;
				OTHER_LDFLAGS = "\"-isysroot$(DEVELOPER_SDK_DIR)/MacOSX$(MACOSX_DEPLOYMENT_TARGET).sdk\"";
				PRODUCT_BUNDLE_IDENTIFIER = com.brightplaza.BrightPlazaTPer;
				PRODUCT_NAME = "$(TARGET_NAME)";
				PROVISIONING_PROFILE_SPECIFIER = "";
				RUN_CLANG_STATIC_ANALYZER = YES;
				WRAPPER_EXTENSION = kext;
			};
			name = Release;
		};
/* End XCBuildConfiguration section */

/* Begin XCConfigurationList section */
		D2BD8F581F02016B00747F4A /* Build configuration list for PBXProject "SEDDriver" */ = {
			isa = XCConfigurationList;
			buildConfigurations = (
				D2BD8F591F02016B00747F4A /* Debug */,
				D2B7FA721F02ABDB00F2D820 /* Debug Bonjour and Bluetooth */,
				D2B7FA6D1F02ABD100F2D820 /* Debug Bluetooth */,
				D2B7FA681F02ABC600F2D820 /* Debug Bonjour */,
				D2763BE21F1273A50015B62C /* Debug Bonjour Multistart */,
				D2BD8F5A1F02016B00747F4A /* Release */,
				D2B7FA771F02ABEF00F2D820 /* Release Bonjour */,
				D2763BEB1F1273B40015B62C /* Release Bonjour Multistart */,
				D2B7FA7C1F02ABFA00F2D820 /* Release Bluetooth */,
				D2B7FA811F02AC1000F2D820 /* Release Bonjour and Bluetooth */,
			);
			defaultConfigurationIsVisible = 0;
			defaultConfigurationName = "Release Bonjour Multistart";
		};
		D2BD8F661F02017B00747F4A /* Build configuration list for PBXNativeTarget "SEDKernelInterface" */ = {
			isa = XCConfigurationList;
			buildConfigurations = (
				D2BD8F671F02017B00747F4A /* Debug */,
				D2B7FA731F02ABDB00F2D820 /* Debug Bonjour and Bluetooth */,
				D2B7FA6E1F02ABD100F2D820 /* Debug Bluetooth */,
				D2B7FA691F02ABC600F2D820 /* Debug Bonjour */,
				D2763BE41F1273A50015B62C /* Debug Bonjour Multistart */,
				D2BD8F681F02017B00747F4A /* Release */,
				D2B7FA781F02ABEF00F2D820 /* Release Bonjour */,
				D2763BED1F1273B40015B62C /* Release Bonjour Multistart */,
				D2B7FA7D1F02ABFA00F2D820 /* Release Bluetooth */,
				D2B7FA821F02AC1000F2D820 /* Release Bonjour and Bluetooth */,
			);
			defaultConfigurationIsVisible = 0;
			defaultConfigurationName = "Release Bonjour Multistart";
		};
		D2BD8F941F0205F900747F4A /* Build configuration list for PBXNativeTarget "PrintBuffer" */ = {
			isa = XCConfigurationList;
			buildConfigurations = (
				D2BD8F951F0205F900747F4A /* Debug */,
				D2B7FA741F02ABDB00F2D820 /* Debug Bonjour and Bluetooth */,
				D2B7FA6F1F02ABD100F2D820 /* Debug Bluetooth */,
				D2B7FA6A1F02ABC600F2D820 /* Debug Bonjour */,
				D2763BE31F1273A50015B62C /* Debug Bonjour Multistart */,
				D2BD8F961F0205F900747F4A /* Release */,
				D2B7FA791F02ABEF00F2D820 /* Release Bonjour */,
				D2763BEC1F1273B40015B62C /* Release Bonjour Multistart */,
				D2B7FA7E1F02ABFA00F2D820 /* Release Bluetooth */,
				D2B7FA831F02AC1000F2D820 /* Release Bonjour and Bluetooth */,
			);
			defaultConfigurationIsVisible = 0;
			defaultConfigurationName = "Release Bonjour Multistart";
		};
		D2BD8FA61F0207AF00747F4A /* Build configuration list for PBXNativeTarget "BrightPlazaTPer" */ = {
			isa = XCConfigurationList;
			buildConfigurations = (
				D2BD8FA71F0207AF00747F4A /* Debug */,
				D2B7FA751F02ABDB00F2D820 /* Debug Bonjour and Bluetooth */,
				D2B7FA701F02ABD100F2D820 /* Debug Bluetooth */,
				D2B7FA6B1F02ABC600F2D820 /* Debug Bonjour */,
				D2763BE61F1273A50015B62C /* Debug Bonjour Multistart */,
				D2BD8FA81F0207AF00747F4A /* Release */,
				D2B7FA7A1F02ABEF00F2D820 /* Release Bonjour */,
				D2763BEF1F1273B40015B62C /* Release Bonjour Multistart */,
				D2B7FA7F1F02ABFA00F2D820 /* Release Bluetooth */,
				D2B7FA841F02AC1000F2D820 /* Release Bonjour and Bluetooth */,
			);
			defaultConfigurationIsVisible = 0;
			defaultConfigurationName = "Release Bonjour Multistart";
		};
/* End XCConfigurationList section */
	};
	rootObject = D2BD8F551F02016B00747F4A /* Project object */;
}
